
Microsoft Visual Studio Solution File, Format Version 12.00
# Visual Studio Version 16
VisualStudioVersion = 16.0.29709.97
MinimumVisualStudioVersion = 10.0.40219.1
Project("{9A19103F-16F7-4668-BE54-9A1E7A4F7556}") = "Statiq.Web", "src\Statiq.Web\Statiq.Web.csproj", "{9AD88CBA-5E7F-4082-AC1A-5D0DD2FEE46B}"
EndProject
Project("{2150E333-8FDC-42A3-9474-1A3956D46DE8}") = "src", "src", "{E58D9954-583A-493C-B607-4AD2C4AED9A5}"
EndProject
Project("{2150E333-8FDC-42A3-9474-1A3956D46DE8}") = "tests", "tests", "{5E7C4FDD-E45D-4FDD-95E4-9013A343CDFF}"
EndProject
Project("{9A19103F-16F7-4668-BE54-9A1E7A4F7556}") = "Statiq.Web.Tests", "tests\Statiq.Web.Tests\Statiq.Web.Tests.csproj", "{DDF9F305-0B89-4329-AAAD-FD43C6F0E9FC}"
EndProject
Project("{9A19103F-16F7-4668-BE54-9A1E7A4F7556}") = "Statiq.Web.Hosting", "src\Statiq.Web.Hosting\Statiq.Web.Hosting.csproj", "{319F2AF7-C26B-43AB-9B3A-BCE9BD549596}"
EndProject
Project("{9A19103F-16F7-4668-BE54-9A1E7A4F7556}") = "Statiq.Web.Hosting.Tests", "tests\Statiq.Web.Hosting.Tests\Statiq.Web.Hosting.Tests.csproj", "{C8623CBF-62C2-4D80-8035-24DC5ADA5550}"
EndProject
Project("{9A19103F-16F7-4668-BE54-9A1E7A4F7556}") = "Statiq.Web.Aws", "src\Statiq.Web.Aws\Statiq.Web.Aws.csproj", "{CCBE656B-9936-4069-8163-35CF39627083}"
EndProject
Project("{9A19103F-16F7-4668-BE54-9A1E7A4F7556}") = "Statiq.Web.Azure", "src\Statiq.Web.Azure\Statiq.Web.Azure.csproj", "{3B13BD4F-59FD-4642-800E-0E14E4F6CE0A}"
EndProject
Project("{9A19103F-16F7-4668-BE54-9A1E7A4F7556}") = "Statiq.Web.Netlify", "src\Statiq.Web.Netlify\Statiq.Web.Netlify.csproj", "{7FDA6CBA-FCDA-42B9-935B-5F6C01DE4276}"
EndProject
Global
	GlobalSection(SolutionConfigurationPlatforms) = preSolution
		Debug|Any CPU = Debug|Any CPU
		Debug|x64 = Debug|x64
		Debug|x86 = Debug|x86
		Release|Any CPU = Release|Any CPU
		Release|x64 = Release|x64
		Release|x86 = Release|x86
	EndGlobalSection
	GlobalSection(ProjectConfigurationPlatforms) = postSolution
		{9AD88CBA-5E7F-4082-AC1A-5D0DD2FEE46B}.Debug|Any CPU.ActiveCfg = Debug|Any CPU
		{9AD88CBA-5E7F-4082-AC1A-5D0DD2FEE46B}.Debug|Any CPU.Build.0 = Debug|Any CPU
		{9AD88CBA-5E7F-4082-AC1A-5D0DD2FEE46B}.Debug|x64.ActiveCfg = Debug|Any CPU
		{9AD88CBA-5E7F-4082-AC1A-5D0DD2FEE46B}.Debug|x64.Build.0 = Debug|Any CPU
		{9AD88CBA-5E7F-4082-AC1A-5D0DD2FEE46B}.Debug|x86.ActiveCfg = Debug|Any CPU
		{9AD88CBA-5E7F-4082-AC1A-5D0DD2FEE46B}.Debug|x86.Build.0 = Debug|Any CPU
		{9AD88CBA-5E7F-4082-AC1A-5D0DD2FEE46B}.Release|Any CPU.ActiveCfg = Release|Any CPU
		{9AD88CBA-5E7F-4082-AC1A-5D0DD2FEE46B}.Release|Any CPU.Build.0 = Release|Any CPU
		{9AD88CBA-5E7F-4082-AC1A-5D0DD2FEE46B}.Release|x64.ActiveCfg = Release|Any CPU
		{9AD88CBA-5E7F-4082-AC1A-5D0DD2FEE46B}.Release|x64.Build.0 = Release|Any CPU
		{9AD88CBA-5E7F-4082-AC1A-5D0DD2FEE46B}.Release|x86.ActiveCfg = Release|Any CPU
		{9AD88CBA-5E7F-4082-AC1A-5D0DD2FEE46B}.Release|x86.Build.0 = Release|Any CPU
		{DDF9F305-0B89-4329-AAAD-FD43C6F0E9FC}.Debug|Any CPU.ActiveCfg = Debug|Any CPU
		{DDF9F305-0B89-4329-AAAD-FD43C6F0E9FC}.Debug|Any CPU.Build.0 = Debug|Any CPU
		{DDF9F305-0B89-4329-AAAD-FD43C6F0E9FC}.Debug|x64.ActiveCfg = Debug|Any CPU
		{DDF9F305-0B89-4329-AAAD-FD43C6F0E9FC}.Debug|x64.Build.0 = Debug|Any CPU
		{DDF9F305-0B89-4329-AAAD-FD43C6F0E9FC}.Debug|x86.ActiveCfg = Debug|Any CPU
		{DDF9F305-0B89-4329-AAAD-FD43C6F0E9FC}.Debug|x86.Build.0 = Debug|Any CPU
		{DDF9F305-0B89-4329-AAAD-FD43C6F0E9FC}.Release|Any CPU.ActiveCfg = Release|Any CPU
		{DDF9F305-0B89-4329-AAAD-FD43C6F0E9FC}.Release|Any CPU.Build.0 = Release|Any CPU
		{DDF9F305-0B89-4329-AAAD-FD43C6F0E9FC}.Release|x64.ActiveCfg = Release|Any CPU
		{DDF9F305-0B89-4329-AAAD-FD43C6F0E9FC}.Release|x64.Build.0 = Release|Any CPU
		{DDF9F305-0B89-4329-AAAD-FD43C6F0E9FC}.Release|x86.ActiveCfg = Release|Any CPU
		{DDF9F305-0B89-4329-AAAD-FD43C6F0E9FC}.Release|x86.Build.0 = Release|Any CPU
		{319F2AF7-C26B-43AB-9B3A-BCE9BD549596}.Debug|Any CPU.ActiveCfg = Debug|Any CPU
		{319F2AF7-C26B-43AB-9B3A-BCE9BD549596}.Debug|Any CPU.Build.0 = Debug|Any CPU
		{319F2AF7-C26B-43AB-9B3A-BCE9BD549596}.Debug|x64.ActiveCfg = Debug|Any CPU
		{319F2AF7-C26B-43AB-9B3A-BCE9BD549596}.Debug|x64.Build.0 = Debug|Any CPU
		{319F2AF7-C26B-43AB-9B3A-BCE9BD549596}.Debug|x86.ActiveCfg = Debug|Any CPU
		{319F2AF7-C26B-43AB-9B3A-BCE9BD549596}.Debug|x86.Build.0 = Debug|Any CPU
		{319F2AF7-C26B-43AB-9B3A-BCE9BD549596}.Release|Any CPU.ActiveCfg = Release|Any CPU
		{319F2AF7-C26B-43AB-9B3A-BCE9BD549596}.Release|Any CPU.Build.0 = Release|Any CPU
		{319F2AF7-C26B-43AB-9B3A-BCE9BD549596}.Release|x64.ActiveCfg = Release|Any CPU
		{319F2AF7-C26B-43AB-9B3A-BCE9BD549596}.Release|x64.Build.0 = Release|Any CPU
		{319F2AF7-C26B-43AB-9B3A-BCE9BD549596}.Release|x86.ActiveCfg = Release|Any CPU
		{319F2AF7-C26B-43AB-9B3A-BCE9BD549596}.Release|x86.Build.0 = Release|Any CPU
		{C8623CBF-62C2-4D80-8035-24DC5ADA5550}.Debug|Any CPU.ActiveCfg = Debug|Any CPU
		{C8623CBF-62C2-4D80-8035-24DC5ADA5550}.Debug|Any CPU.Build.0 = Debug|Any CPU
		{C8623CBF-62C2-4D80-8035-24DC5ADA5550}.Debug|x64.ActiveCfg = Debug|Any CPU
		{C8623CBF-62C2-4D80-8035-24DC5ADA5550}.Debug|x64.Build.0 = Debug|Any CPU
		{C8623CBF-62C2-4D80-8035-24DC5ADA5550}.Debug|x86.ActiveCfg = Debug|Any CPU
		{C8623CBF-62C2-4D80-8035-24DC5ADA5550}.Debug|x86.Build.0 = Debug|Any CPU
		{C8623CBF-62C2-4D80-8035-24DC5ADA5550}.Release|Any CPU.ActiveCfg = Release|Any CPU
		{C8623CBF-62C2-4D80-8035-24DC5ADA5550}.Release|Any CPU.Build.0 = Release|Any CPU
		{C8623CBF-62C2-4D80-8035-24DC5ADA5550}.Release|x64.ActiveCfg = Release|Any CPU
		{C8623CBF-62C2-4D80-8035-24DC5ADA5550}.Release|x64.Build.0 = Release|Any CPU
		{C8623CBF-62C2-4D80-8035-24DC5ADA5550}.Release|x86.ActiveCfg = Release|Any CPU
		{C8623CBF-62C2-4D80-8035-24DC5ADA5550}.Release|x86.Build.0 = Release|Any CPU
		{CCBE656B-9936-4069-8163-35CF39627083}.Debug|Any CPU.ActiveCfg = Debug|Any CPU
		{CCBE656B-9936-4069-8163-35CF39627083}.Debug|Any CPU.Build.0 = Debug|Any CPU
		{CCBE656B-9936-4069-8163-35CF39627083}.Debug|x64.ActiveCfg = Debug|Any CPU
		{CCBE656B-9936-4069-8163-35CF39627083}.Debug|x64.Build.0 = Debug|Any CPU
		{CCBE656B-9936-4069-8163-35CF39627083}.Debug|x86.ActiveCfg = Debug|Any CPU
		{CCBE656B-9936-4069-8163-35CF39627083}.Debug|x86.Build.0 = Debug|Any CPU
		{CCBE656B-9936-4069-8163-35CF39627083}.Release|Any CPU.ActiveCfg = Release|Any CPU
		{CCBE656B-9936-4069-8163-35CF39627083}.Release|Any CPU.Build.0 = Release|Any CPU
		{CCBE656B-9936-4069-8163-35CF39627083}.Release|x64.ActiveCfg = Release|Any CPU
		{CCBE656B-9936-4069-8163-35CF39627083}.Release|x64.Build.0 = Release|Any CPU
		{CCBE656B-9936-4069-8163-35CF39627083}.Release|x86.ActiveCfg = Release|Any CPU
		{CCBE656B-9936-4069-8163-35CF39627083}.Release|x86.Build.0 = Release|Any CPU
		{3B13BD4F-59FD-4642-800E-0E14E4F6CE0A}.Debug|Any CPU.ActiveCfg = Debug|Any CPU
		{3B13BD4F-59FD-4642-800E-0E14E4F6CE0A}.Debug|Any CPU.Build.0 = Debug|Any CPU
		{3B13BD4F-59FD-4642-800E-0E14E4F6CE0A}.Debug|x64.ActiveCfg = Debug|Any CPU
		{3B13BD4F-59FD-4642-800E-0E14E4F6CE0A}.Debug|x64.Build.0 = Debug|Any CPU
		{3B13BD4F-59FD-4642-800E-0E14E4F6CE0A}.Debug|x86.ActiveCfg = Debug|Any CPU
		{3B13BD4F-59FD-4642-800E-0E14E4F6CE0A}.Debug|x86.Build.0 = Debug|Any CPU
		{3B13BD4F-59FD-4642-800E-0E14E4F6CE0A}.Release|Any CPU.ActiveCfg = Release|Any CPU
		{3B13BD4F-59FD-4642-800E-0E14E4F6CE0A}.Release|Any CPU.Build.0 = Release|Any CPU
		{3B13BD4F-59FD-4642-800E-0E14E4F6CE0A}.Release|x64.ActiveCfg = Release|Any CPU
		{3B13BD4F-59FD-4642-800E-0E14E4F6CE0A}.Release|x64.Build.0 = Release|Any CPU
		{3B13BD4F-59FD-4642-800E-0E14E4F6CE0A}.Release|x86.ActiveCfg = Release|Any CPU
		{3B13BD4F-59FD-4642-800E-0E14E4F6CE0A}.Release|x86.Build.0 = Release|Any CPU
		{7FDA6CBA-FCDA-42B9-935B-5F6C01DE4276}.Debug|Any CPU.ActiveCfg = Debug|Any CPU
		{7FDA6CBA-FCDA-42B9-935B-5F6C01DE4276}.Debug|Any CPU.Build.0 = Debug|Any CPU
		{7FDA6CBA-FCDA-42B9-935B-5F6C01DE4276}.Debug|x64.ActiveCfg = Debug|Any CPU
		{7FDA6CBA-FCDA-42B9-935B-5F6C01DE4276}.Debug|x64.Build.0 = Debug|Any CPU
		{7FDA6CBA-FCDA-42B9-935B-5F6C01DE4276}.Debug|x86.ActiveCfg = Debug|Any CPU
		{7FDA6CBA-FCDA-42B9-935B-5F6C01DE4276}.Debug|x86.Build.0 = Debug|Any CPU
		{7FDA6CBA-FCDA-42B9-935B-5F6C01DE4276}.Release|Any CPU.ActiveCfg = Release|Any CPU
		{7FDA6CBA-FCDA-42B9-935B-5F6C01DE4276}.Release|Any CPU.Build.0 = Release|Any CPU
		{7FDA6CBA-FCDA-42B9-935B-5F6C01DE4276}.Release|x64.ActiveCfg = Release|Any CPU
		{7FDA6CBA-FCDA-42B9-935B-5F6C01DE4276}.Release|x64.Build.0 = Release|Any CPU
		{7FDA6CBA-FCDA-42B9-935B-5F6C01DE4276}.Release|x86.ActiveCfg = Release|Any CPU
		{7FDA6CBA-FCDA-42B9-935B-5F6C01DE4276}.Release|x86.Build.0 = Release|Any CPU
	EndGlobalSection
	GlobalSection(SolutionProperties) = preSolution
		HideSolutionNode = FALSE
	EndGlobalSection
	GlobalSection(NestedProjects) = preSolution
		{9AD88CBA-5E7F-4082-AC1A-5D0DD2FEE46B} = {E58D9954-583A-493C-B607-4AD2C4AED9A5}
		{DDF9F305-0B89-4329-AAAD-FD43C6F0E9FC} = {5E7C4FDD-E45D-4FDD-95E4-9013A343CDFF}
		{319F2AF7-C26B-43AB-9B3A-BCE9BD549596} = {E58D9954-583A-493C-B607-4AD2C4AED9A5}
		{C8623CBF-62C2-4D80-8035-24DC5ADA5550} = {5E7C4FDD-E45D-4FDD-95E4-9013A343CDFF}
		{CCBE656B-9936-4069-8163-35CF39627083} = {E58D9954-583A-493C-B607-4AD2C4AED9A5}
		{3B13BD4F-59FD-4642-800E-0E14E4F6CE0A} = {E58D9954-583A-493C-B607-4AD2C4AED9A5}
		{7FDA6CBA-FCDA-42B9-935B-5F6C01DE4276} = {E58D9954-583A-493C-B607-4AD2C4AED9A5}
	EndGlobalSection
	GlobalSection(ExtensibilityGlobals) = postSolution
		SolutionGuid = {EFD0E489-F8EE-4626-91C8-92A8F7092907}
	EndGlobalSection
EndGlobal
