
Microsoft Visual Studio Solution File, Format Version 12.00
# Visual Studio 14
VisualStudioVersion = 14.0.23107.0
MinimumVisualStudioVersion = 10.0.40219.1
Project("{FAE04EC0-301F-11D3-BF4B-00C04F79EFBC}") = "Wyam", "Wyam\Wyam.csproj", "{9CADDE07-290F-4958-B0D4-2E613B8F127F}"
EndProject
Project("{FAE04EC0-301F-11D3-BF4B-00C04F79EFBC}") = "Wyam.Core", "Wyam.Core\Wyam.Core.csproj", "{BC8C5DE2-6692-4E39-A0BB-689C316AEFF1}"
EndProject
Project("{FAE04EC0-301F-11D3-BF4B-00C04F79EFBC}") = "Wyam.Core.Tests", "Wyam.Core.Tests\Wyam.Core.Tests.csproj", "{862B500E-D6C3-4026-868C-4097C3AD1D5C}"
EndProject
Project("{FAE04EC0-301F-11D3-BF4B-00C04F79EFBC}") = "Wyam.Modules.Markdown", "Wyam.Modules.Markdown\Wyam.Modules.Markdown.csproj", "{AF8F5C85-2C54-4CFE-A509-C30515B7B943}"
EndProject
Project("{FAE04EC0-301F-11D3-BF4B-00C04F79EFBC}") = "Wyam.Common", "Wyam.Common\Wyam.Common.csproj", "{F40B73E9-C0CC-465C-925E-B51E686C1D5C}"
EndProject
Project("{FAE04EC0-301F-11D3-BF4B-00C04F79EFBC}") = "Wyam.Modules.Yaml", "Wyam.Modules.Yaml\Wyam.Modules.Yaml.csproj", "{AB59F7BD-0FC3-43AD-A3AE-2E3C7551E947}"
EndProject
Project("{FAE04EC0-301F-11D3-BF4B-00C04F79EFBC}") = "Wyam.Modules.Yaml.Tests", "Wyam.Modules.Yaml.Tests\Wyam.Modules.Yaml.Tests.csproj", "{E5F18C7B-08A6-4F2C-9999-34F54BA2212A}"
EndProject
Project("{FAE04EC0-301F-11D3-BF4B-00C04F79EFBC}") = "Wyam.Modules.Razor", "Wyam.Modules.Razor\Wyam.Modules.Razor.csproj", "{D044419D-363A-47CC-A4ED-466A6128D7A2}"
EndProject
Project("{FAE04EC0-301F-11D3-BF4B-00C04F79EFBC}") = "Wyam.Modules.Razor.Tests", "Wyam.Modules.Razor.Tests\Wyam.Modules.Razor.Tests.csproj", "{97C9B323-A7C4-415A-994A-FB4350ED26D0}"
EndProject
Project("{FAE04EC0-301F-11D3-BF4B-00C04F79EFBC}") = "Wyam.Examples.Tests", "Wyam.Examples.Tests\Wyam.Examples.Tests.csproj", "{6BDD24AD-D0CE-4B76-BC20-128299237505}"
EndProject
Project("{FAE04EC0-301F-11D3-BF4B-00C04F79EFBC}") = "Wyam.Modules.Less", "Wyam.Modules.Less\Wyam.Modules.Less.csproj", "{FBB9FB85-A0FC-4201-BC29-30FF16C93E76}"
EndProject
Project("{FAE04EC0-301F-11D3-BF4B-00C04F79EFBC}") = "Wyam.Modules.Images", "Wyam.Modules.Images\Wyam.Modules.Images.csproj", "{D6AD32C7-3B15-4F1C-8A2D-403D97F0CD41}"
EndProject
Project("{FAE04EC0-301F-11D3-BF4B-00C04F79EFBC}") = "Wyam.Modules.Html", "Wyam.Modules.Html\Wyam.Modules.Html.csproj", "{68085EE3-BB21-4E52-9A86-DD1820A0D010}"
EndProject
Project("{FAE04EC0-301F-11D3-BF4B-00C04F79EFBC}") = "Wyam.Modules.Html.Tests", "Wyam.Modules.Html.Tests\Wyam.Modules.Html.Tests.csproj", "{822FDD27-DAA4-4816-A0EA-DC079430445C}"
	ProjectSection(ProjectDependencies) = postProject
		{F40B73E9-C0CC-465C-925E-B51E686C1D5C} = {F40B73E9-C0CC-465C-925E-B51E686C1D5C}
	EndProjectSection
EndProject
Project("{FAE04EC0-301F-11D3-BF4B-00C04F79EFBC}") = "Wyam.Common.Tests", "Wyam.Common.Tests\Wyam.Common.Tests.csproj", "{3E93B31C-5670-413A-947A-77A46456CD13}"
EndProject
Project("{FAE04EC0-301F-11D3-BF4B-00C04F79EFBC}") = "Wyam.Modules.TextGeneration", "Wyam.Modules.TextGeneration\Wyam.Modules.TextGeneration.csproj", "{0D7F4902-C048-46AA-BDD1-B87B657003FF}"
EndProject
Project("{FAE04EC0-301F-11D3-BF4B-00C04F79EFBC}") = "Wyam.Modules.TextGeneration.Tests", "Wyam.Modules.TextGeneration.Tests\Wyam.Modules.TextGeneration.Tests.csproj", "{704624AF-5081-4EC7-BD47-AB93292D7B4E}"
EndProject
Project("{FAE04EC0-301F-11D3-BF4B-00C04F79EFBC}") = "Wyam.Modules.CodeAnalysis", "Wyam.Modules.CodeAnalysis\Wyam.Modules.CodeAnalysis.csproj", "{F4C0C025-5E08-4ED2-A089-67C41702AE7B}"
EndProject
Project("{FAE04EC0-301F-11D3-BF4B-00C04F79EFBC}") = "Wyam.Modules.CodeAnalysis.Tests", "Wyam.Modules.CodeAnalysis.Tests\Wyam.Modules.CodeAnalysis.Tests.csproj", "{9BF3B222-0B52-46E8-B3E2-5A5EB62EFFF4}"
EndProject
Project("{FAE04EC0-301F-11D3-BF4B-00C04F79EFBC}") = "Wyam.Modules.Download", "Wyam.Modules.Download\Wyam.Modules.Download.csproj", "{5C4855A3-89AA-4310-8DE1-6AAC415D46D9}"
EndProject
Project("{FAE04EC0-301F-11D3-BF4B-00C04F79EFBC}") = "Wyam.Modules.Download.Tests", "Wyam.Modules.Download.Tests\Wyam.Modules.Download.Tests.csproj", "{04E3250C-BFEE-4AFD-87CF-42B0C75EA641}"
EndProject
Project("{FAE04EC0-301F-11D3-BF4B-00C04F79EFBC}") = "Wyam.Modules.Metadata", "Wyam.Modules.Metadata\Wyam.Modules.Metadata.csproj", "{4A7709B5-9626-4471-B70C-F070DC2C2B66}"
EndProject
Project("{FAE04EC0-301F-11D3-BF4B-00C04F79EFBC}") = "Wyam.Modules.Metadata.Tests", "Wyam.Modules.Metadata.Tests\Wyam.Modules.Metadata.Tests.csproj", "{05141C91-1913-4F2A-8A83-BD39CB6C66B8}"
EndProject
Global
	GlobalSection(SolutionConfigurationPlatforms) = preSolution
		Debug|Any CPU = Debug|Any CPU
		Release|Any CPU = Release|Any CPU
	EndGlobalSection
	GlobalSection(ProjectConfigurationPlatforms) = postSolution
		{9CADDE07-290F-4958-B0D4-2E613B8F127F}.Debug|Any CPU.ActiveCfg = Debug|Any CPU
		{9CADDE07-290F-4958-B0D4-2E613B8F127F}.Debug|Any CPU.Build.0 = Debug|Any CPU
		{9CADDE07-290F-4958-B0D4-2E613B8F127F}.Release|Any CPU.ActiveCfg = Release|Any CPU
		{9CADDE07-290F-4958-B0D4-2E613B8F127F}.Release|Any CPU.Build.0 = Release|Any CPU
		{BC8C5DE2-6692-4E39-A0BB-689C316AEFF1}.Debug|Any CPU.ActiveCfg = Debug|Any CPU
		{BC8C5DE2-6692-4E39-A0BB-689C316AEFF1}.Debug|Any CPU.Build.0 = Debug|Any CPU
		{BC8C5DE2-6692-4E39-A0BB-689C316AEFF1}.Release|Any CPU.ActiveCfg = Release|Any CPU
		{BC8C5DE2-6692-4E39-A0BB-689C316AEFF1}.Release|Any CPU.Build.0 = Release|Any CPU
		{862B500E-D6C3-4026-868C-4097C3AD1D5C}.Debug|Any CPU.ActiveCfg = Debug|Any CPU
		{862B500E-D6C3-4026-868C-4097C3AD1D5C}.Debug|Any CPU.Build.0 = Debug|Any CPU
		{862B500E-D6C3-4026-868C-4097C3AD1D5C}.Release|Any CPU.ActiveCfg = Release|Any CPU
		{862B500E-D6C3-4026-868C-4097C3AD1D5C}.Release|Any CPU.Build.0 = Release|Any CPU
		{AF8F5C85-2C54-4CFE-A509-C30515B7B943}.Debug|Any CPU.ActiveCfg = Debug|Any CPU
		{AF8F5C85-2C54-4CFE-A509-C30515B7B943}.Debug|Any CPU.Build.0 = Debug|Any CPU
		{AF8F5C85-2C54-4CFE-A509-C30515B7B943}.Release|Any CPU.ActiveCfg = Release|Any CPU
		{AF8F5C85-2C54-4CFE-A509-C30515B7B943}.Release|Any CPU.Build.0 = Release|Any CPU
		{F40B73E9-C0CC-465C-925E-B51E686C1D5C}.Debug|Any CPU.ActiveCfg = Debug|Any CPU
		{F40B73E9-C0CC-465C-925E-B51E686C1D5C}.Debug|Any CPU.Build.0 = Debug|Any CPU
		{F40B73E9-C0CC-465C-925E-B51E686C1D5C}.Release|Any CPU.ActiveCfg = Release|Any CPU
		{F40B73E9-C0CC-465C-925E-B51E686C1D5C}.Release|Any CPU.Build.0 = Release|Any CPU
		{AB59F7BD-0FC3-43AD-A3AE-2E3C7551E947}.Debug|Any CPU.ActiveCfg = Debug|Any CPU
		{AB59F7BD-0FC3-43AD-A3AE-2E3C7551E947}.Debug|Any CPU.Build.0 = Debug|Any CPU
		{AB59F7BD-0FC3-43AD-A3AE-2E3C7551E947}.Release|Any CPU.ActiveCfg = Release|Any CPU
		{AB59F7BD-0FC3-43AD-A3AE-2E3C7551E947}.Release|Any CPU.Build.0 = Release|Any CPU
		{E5F18C7B-08A6-4F2C-9999-34F54BA2212A}.Debug|Any CPU.ActiveCfg = Debug|Any CPU
		{E5F18C7B-08A6-4F2C-9999-34F54BA2212A}.Debug|Any CPU.Build.0 = Debug|Any CPU
		{E5F18C7B-08A6-4F2C-9999-34F54BA2212A}.Release|Any CPU.ActiveCfg = Release|Any CPU
		{E5F18C7B-08A6-4F2C-9999-34F54BA2212A}.Release|Any CPU.Build.0 = Release|Any CPU
		{D044419D-363A-47CC-A4ED-466A6128D7A2}.Debug|Any CPU.ActiveCfg = Debug|Any CPU
		{D044419D-363A-47CC-A4ED-466A6128D7A2}.Debug|Any CPU.Build.0 = Debug|Any CPU
		{D044419D-363A-47CC-A4ED-466A6128D7A2}.Release|Any CPU.ActiveCfg = Release|Any CPU
		{D044419D-363A-47CC-A4ED-466A6128D7A2}.Release|Any CPU.Build.0 = Release|Any CPU
		{97C9B323-A7C4-415A-994A-FB4350ED26D0}.Debug|Any CPU.ActiveCfg = Debug|Any CPU
		{97C9B323-A7C4-415A-994A-FB4350ED26D0}.Debug|Any CPU.Build.0 = Debug|Any CPU
		{97C9B323-A7C4-415A-994A-FB4350ED26D0}.Release|Any CPU.ActiveCfg = Release|Any CPU
		{97C9B323-A7C4-415A-994A-FB4350ED26D0}.Release|Any CPU.Build.0 = Release|Any CPU
		{6BDD24AD-D0CE-4B76-BC20-128299237505}.Debug|Any CPU.ActiveCfg = Debug|Any CPU
		{6BDD24AD-D0CE-4B76-BC20-128299237505}.Debug|Any CPU.Build.0 = Debug|Any CPU
		{6BDD24AD-D0CE-4B76-BC20-128299237505}.Release|Any CPU.ActiveCfg = Release|Any CPU
		{6BDD24AD-D0CE-4B76-BC20-128299237505}.Release|Any CPU.Build.0 = Release|Any CPU
		{FBB9FB85-A0FC-4201-BC29-30FF16C93E76}.Debug|Any CPU.ActiveCfg = Debug|Any CPU
		{FBB9FB85-A0FC-4201-BC29-30FF16C93E76}.Debug|Any CPU.Build.0 = Debug|Any CPU
		{FBB9FB85-A0FC-4201-BC29-30FF16C93E76}.Release|Any CPU.ActiveCfg = Release|Any CPU
		{FBB9FB85-A0FC-4201-BC29-30FF16C93E76}.Release|Any CPU.Build.0 = Release|Any CPU
		{D6AD32C7-3B15-4F1C-8A2D-403D97F0CD41}.Debug|Any CPU.ActiveCfg = Debug|Any CPU
		{D6AD32C7-3B15-4F1C-8A2D-403D97F0CD41}.Debug|Any CPU.Build.0 = Debug|Any CPU
		{D6AD32C7-3B15-4F1C-8A2D-403D97F0CD41}.Release|Any CPU.ActiveCfg = Release|Any CPU
		{D6AD32C7-3B15-4F1C-8A2D-403D97F0CD41}.Release|Any CPU.Build.0 = Release|Any CPU
		{68085EE3-BB21-4E52-9A86-DD1820A0D010}.Debug|Any CPU.ActiveCfg = Debug|Any CPU
		{68085EE3-BB21-4E52-9A86-DD1820A0D010}.Debug|Any CPU.Build.0 = Debug|Any CPU
		{68085EE3-BB21-4E52-9A86-DD1820A0D010}.Release|Any CPU.ActiveCfg = Release|Any CPU
		{68085EE3-BB21-4E52-9A86-DD1820A0D010}.Release|Any CPU.Build.0 = Release|Any CPU
		{822FDD27-DAA4-4816-A0EA-DC079430445C}.Debug|Any CPU.ActiveCfg = Debug|Any CPU
		{822FDD27-DAA4-4816-A0EA-DC079430445C}.Debug|Any CPU.Build.0 = Debug|Any CPU
		{822FDD27-DAA4-4816-A0EA-DC079430445C}.Release|Any CPU.ActiveCfg = Release|Any CPU
		{822FDD27-DAA4-4816-A0EA-DC079430445C}.Release|Any CPU.Build.0 = Release|Any CPU
		{3E93B31C-5670-413A-947A-77A46456CD13}.Debug|Any CPU.ActiveCfg = Debug|Any CPU
		{3E93B31C-5670-413A-947A-77A46456CD13}.Debug|Any CPU.Build.0 = Debug|Any CPU
		{3E93B31C-5670-413A-947A-77A46456CD13}.Release|Any CPU.ActiveCfg = Release|Any CPU
		{3E93B31C-5670-413A-947A-77A46456CD13}.Release|Any CPU.Build.0 = Release|Any CPU
		{0D7F4902-C048-46AA-BDD1-B87B657003FF}.Debug|Any CPU.ActiveCfg = Debug|Any CPU
		{0D7F4902-C048-46AA-BDD1-B87B657003FF}.Debug|Any CPU.Build.0 = Debug|Any CPU
		{0D7F4902-C048-46AA-BDD1-B87B657003FF}.Release|Any CPU.ActiveCfg = Release|Any CPU
		{0D7F4902-C048-46AA-BDD1-B87B657003FF}.Release|Any CPU.Build.0 = Release|Any CPU
		{704624AF-5081-4EC7-BD47-AB93292D7B4E}.Debug|Any CPU.ActiveCfg = Debug|Any CPU
		{704624AF-5081-4EC7-BD47-AB93292D7B4E}.Debug|Any CPU.Build.0 = Debug|Any CPU
		{704624AF-5081-4EC7-BD47-AB93292D7B4E}.Release|Any CPU.ActiveCfg = Release|Any CPU
		{704624AF-5081-4EC7-BD47-AB93292D7B4E}.Release|Any CPU.Build.0 = Release|Any CPU
		{F4C0C025-5E08-4ED2-A089-67C41702AE7B}.Debug|Any CPU.ActiveCfg = Debug|Any CPU
		{F4C0C025-5E08-4ED2-A089-67C41702AE7B}.Debug|Any CPU.Build.0 = Debug|Any CPU
		{F4C0C025-5E08-4ED2-A089-67C41702AE7B}.Release|Any CPU.ActiveCfg = Release|Any CPU
		{F4C0C025-5E08-4ED2-A089-67C41702AE7B}.Release|Any CPU.Build.0 = Release|Any CPU
		{9BF3B222-0B52-46E8-B3E2-5A5EB62EFFF4}.Debug|Any CPU.ActiveCfg = Debug|Any CPU
		{9BF3B222-0B52-46E8-B3E2-5A5EB62EFFF4}.Debug|Any CPU.Build.0 = Debug|Any CPU
		{9BF3B222-0B52-46E8-B3E2-5A5EB62EFFF4}.Release|Any CPU.ActiveCfg = Release|Any CPU
		{9BF3B222-0B52-46E8-B3E2-5A5EB62EFFF4}.Release|Any CPU.Build.0 = Release|Any CPU
		{5C4855A3-89AA-4310-8DE1-6AAC415D46D9}.Debug|Any CPU.ActiveCfg = Debug|Any CPU
		{5C4855A3-89AA-4310-8DE1-6AAC415D46D9}.Debug|Any CPU.Build.0 = Debug|Any CPU
		{5C4855A3-89AA-4310-8DE1-6AAC415D46D9}.Release|Any CPU.ActiveCfg = Release|Any CPU
		{5C4855A3-89AA-4310-8DE1-6AAC415D46D9}.Release|Any CPU.Build.0 = Release|Any CPU
		{04E3250C-BFEE-4AFD-87CF-42B0C75EA641}.Debug|Any CPU.ActiveCfg = Debug|Any CPU
		{04E3250C-BFEE-4AFD-87CF-42B0C75EA641}.Debug|Any CPU.Build.0 = Debug|Any CPU
		{04E3250C-BFEE-4AFD-87CF-42B0C75EA641}.Release|Any CPU.ActiveCfg = Release|Any CPU
		{04E3250C-BFEE-4AFD-87CF-42B0C75EA641}.Release|Any CPU.Build.0 = Release|Any CPU
		{4A7709B5-9626-4471-B70C-F070DC2C2B66}.Debug|Any CPU.ActiveCfg = Debug|Any CPU
		{4A7709B5-9626-4471-B70C-F070DC2C2B66}.Debug|Any CPU.Build.0 = Debug|Any CPU
		{4A7709B5-9626-4471-B70C-F070DC2C2B66}.Release|Any CPU.ActiveCfg = Release|Any CPU
		{4A7709B5-9626-4471-B70C-F070DC2C2B66}.Release|Any CPU.Build.0 = Release|Any CPU
		{05141C91-1913-4F2A-8A83-BD39CB6C66B8}.Debug|Any CPU.ActiveCfg = Debug|Any CPU
		{05141C91-1913-4F2A-8A83-BD39CB6C66B8}.Debug|Any CPU.Build.0 = Debug|Any CPU
		{05141C91-1913-4F2A-8A83-BD39CB6C66B8}.Release|Any CPU.ActiveCfg = Release|Any CPU
		{05141C91-1913-4F2A-8A83-BD39CB6C66B8}.Release|Any CPU.Build.0 = Release|Any CPU
	EndGlobalSection
	GlobalSection(SolutionProperties) = preSolution
		HideSolutionNode = FALSE
	EndGlobalSection
EndGlobal
