
Microsoft Visual Studio Solution File, Format Version 12.00
# Visual Studio 15
VisualStudioVersion = 15.0.27130.2026
MinimumVisualStudioVersion = 10.0.40219.1
Project("{9A19103F-16F7-4668-BE54-9A1E7A4F7556}") = "Wyam", "src\clients\Wyam\Wyam.csproj", "{9CADDE07-290F-4958-B0D4-2E613B8F127F}"
EndProject
Project("{9A19103F-16F7-4668-BE54-9A1E7A4F7556}") = "Wyam.Core", "src\core\Wyam.Core\Wyam.Core.csproj", "{BC8C5DE2-6692-4E39-A0BB-689C316AEFF1}"
EndProject
Project("{9A19103F-16F7-4668-BE54-9A1E7A4F7556}") = "Wyam.Core.Tests", "tests\core\Wyam.Core.Tests\Wyam.Core.Tests.csproj", "{862B500E-D6C3-4026-868C-4097C3AD1D5C}"
EndProject
Project("{9A19103F-16F7-4668-BE54-9A1E7A4F7556}") = "Wyam.Markdown", "src\extensions\Wyam.Markdown\Wyam.Markdown.csproj", "{AF8F5C85-2C54-4CFE-A509-C30515B7B943}"
EndProject
Project("{9A19103F-16F7-4668-BE54-9A1E7A4F7556}") = "Wyam.Common", "src\core\Wyam.Common\Wyam.Common.csproj", "{F40B73E9-C0CC-465C-925E-B51E686C1D5C}"
EndProject
Project("{9A19103F-16F7-4668-BE54-9A1E7A4F7556}") = "Wyam.Yaml", "src\extensions\Wyam.Yaml\Wyam.Yaml.csproj", "{AB59F7BD-0FC3-43AD-A3AE-2E3C7551E947}"
EndProject
Project("{9A19103F-16F7-4668-BE54-9A1E7A4F7556}") = "Wyam.Yaml.Tests", "tests\extensions\Wyam.Yaml.Tests\Wyam.Yaml.Tests.csproj", "{E5F18C7B-08A6-4F2C-9999-34F54BA2212A}"
EndProject
Project("{9A19103F-16F7-4668-BE54-9A1E7A4F7556}") = "Wyam.Razor", "src\extensions\Wyam.Razor\Wyam.Razor.csproj", "{D044419D-363A-47CC-A4ED-466A6128D7A2}"
EndProject
Project("{9A19103F-16F7-4668-BE54-9A1E7A4F7556}") = "Wyam.Razor.Tests", "tests\extensions\Wyam.Razor.Tests\Wyam.Razor.Tests.csproj", "{97C9B323-A7C4-415A-994A-FB4350ED26D0}"
EndProject
Project("{9A19103F-16F7-4668-BE54-9A1E7A4F7556}") = "Wyam.Examples.Tests", "tests\integration\Wyam.Examples.Tests\Wyam.Examples.Tests.csproj", "{6BDD24AD-D0CE-4B76-BC20-128299237505}"
EndProject
Project("{9A19103F-16F7-4668-BE54-9A1E7A4F7556}") = "Wyam.Less", "src\extensions\Wyam.Less\Wyam.Less.csproj", "{FBB9FB85-A0FC-4201-BC29-30FF16C93E76}"
EndProject
Project("{9A19103F-16F7-4668-BE54-9A1E7A4F7556}") = "Wyam.Images", "src\extensions\Wyam.Images\Wyam.Images.csproj", "{D6AD32C7-3B15-4F1C-8A2D-403D97F0CD41}"
EndProject
Project("{9A19103F-16F7-4668-BE54-9A1E7A4F7556}") = "Wyam.Html", "src\extensions\Wyam.Html\Wyam.Html.csproj", "{68085EE3-BB21-4E52-9A86-DD1820A0D010}"
EndProject
Project("{9A19103F-16F7-4668-BE54-9A1E7A4F7556}") = "Wyam.Html.Tests", "tests\extensions\Wyam.Html.Tests\Wyam.Html.Tests.csproj", "{822FDD27-DAA4-4816-A0EA-DC079430445C}"
	ProjectSection(ProjectDependencies) = postProject
		{F40B73E9-C0CC-465C-925E-B51E686C1D5C} = {F40B73E9-C0CC-465C-925E-B51E686C1D5C}
	EndProjectSection
EndProject
Project("{9A19103F-16F7-4668-BE54-9A1E7A4F7556}") = "Wyam.Common.Tests", "tests\core\Wyam.Common.Tests\Wyam.Common.Tests.csproj", "{3E93B31C-5670-413A-947A-77A46456CD13}"
EndProject
Project("{9A19103F-16F7-4668-BE54-9A1E7A4F7556}") = "Wyam.TextGeneration", "src\extensions\Wyam.TextGeneration\Wyam.TextGeneration.csproj", "{0D7F4902-C048-46AA-BDD1-B87B657003FF}"
EndProject
Project("{9A19103F-16F7-4668-BE54-9A1E7A4F7556}") = "Wyam.TextGeneration.Tests", "tests\extensions\Wyam.TextGeneration.Tests\Wyam.TextGeneration.Tests.csproj", "{704624AF-5081-4EC7-BD47-AB93292D7B4E}"
EndProject
Project("{9A19103F-16F7-4668-BE54-9A1E7A4F7556}") = "Wyam.CodeAnalysis", "src\extensions\Wyam.CodeAnalysis\Wyam.CodeAnalysis.csproj", "{F4C0C025-5E08-4ED2-A089-67C41702AE7B}"
EndProject
Project("{9A19103F-16F7-4668-BE54-9A1E7A4F7556}") = "Wyam.CodeAnalysis.Tests", "tests\extensions\Wyam.CodeAnalysis.Tests\Wyam.CodeAnalysis.Tests.csproj", "{9BF3B222-0B52-46E8-B3E2-5A5EB62EFFF4}"
EndProject
Project("{9A19103F-16F7-4668-BE54-9A1E7A4F7556}") = "Wyam.Xmp", "src\extensions\Wyam.Xmp\Wyam.Xmp.csproj", "{F17862D9-8B53-44C0-9102-B1B84BE72E76}"
EndProject
Project("{9A19103F-16F7-4668-BE54-9A1E7A4F7556}") = "Wyam.Xmp.Tests", "tests\extensions\Wyam.Xmp.Tests\Wyam.Xmp.Tests.csproj", "{2BA7C7E0-FCA7-4A46-98E6-C43B52D07CE9}"
EndProject
Project("{9A19103F-16F7-4668-BE54-9A1E7A4F7556}") = "Wyam.SearchIndex", "src\extensions\Wyam.SearchIndex\Wyam.SearchIndex.csproj", "{957FE3A0-7CE0-48A1-9767-D122B9F43907}"
EndProject
Project("{9A19103F-16F7-4668-BE54-9A1E7A4F7556}") = "Wyam.Tables", "src\extensions\Wyam.Tables\Wyam.Tables.csproj", "{18E8DFBE-436C-4477-A5A2-61551CE268A2}"
EndProject
Project("{9A19103F-16F7-4668-BE54-9A1E7A4F7556}") = "Wyam.Tables.Tests", "tests\extensions\Wyam.Tables.Tests\Wyam.Tables.Tests.csproj", "{5BB70078-E81A-48F8-A4A0-69F312BADCC5}"
EndProject
Project("{9A19103F-16F7-4668-BE54-9A1E7A4F7556}") = "Wyam.Markdown.Tests", "tests\extensions\Wyam.Markdown.Tests\Wyam.Markdown.Tests.csproj", "{2392BE38-2D56-4F72-8659-A3435FB1EC86}"
EndProject
Project("{9A19103F-16F7-4668-BE54-9A1E7A4F7556}") = "Wyam.GitHub", "src\extensions\Wyam.GitHub\Wyam.GitHub.csproj", "{F835BE84-9121-4E31-B2DA-0C7E5391DAC3}"
EndProject
Project("{9A19103F-16F7-4668-BE54-9A1E7A4F7556}") = "Wyam.Json", "src\extensions\Wyam.Json\Wyam.Json.csproj", "{F55FB154-8722-450C-B641-6DE331ED94A0}"
EndProject
Project("{9A19103F-16F7-4668-BE54-9A1E7A4F7556}") = "Wyam.Json.Tests", "tests\extensions\Wyam.Json.Tests\Wyam.Json.Tests.csproj", "{25A5AC38-6AE9-49F4-B87B-08EAFD11AB5C}"
EndProject
Project("{9A19103F-16F7-4668-BE54-9A1E7A4F7556}") = "Wyam.Testing", "src\core\Wyam.Testing\Wyam.Testing.csproj", "{7726D040-4192-49C7-B9EA-E192397127C3}"
EndProject
Project("{9A19103F-16F7-4668-BE54-9A1E7A4F7556}") = "Wyam.AmazonWebServices", "src\extensions\Wyam.AmazonWebServices\Wyam.AmazonWebServices.csproj", "{327A23F7-AE78-48B3-97B0-7180492CF08C}"
EndProject
Project("{2150E333-8FDC-42A3-9474-1A3956D46DE8}") = "tests", "tests", "{596452BD-AE34-4989-A36F-88FF72B2DFD8}"
EndProject
Project("{9A19103F-16F7-4668-BE54-9A1E7A4F7556}") = "Wyam.Minification", "src\extensions\Wyam.Minification\Wyam.Minification.csproj", "{AD223A29-5736-4914-9D24-66D8329E663E}"
EndProject
Project("{9A19103F-16F7-4668-BE54-9A1E7A4F7556}") = "Wyam.Minification.Tests", "tests\extensions\Wyam.Minification.Tests\Wyam.Minification.Tests.csproj", "{6AD5C161-7FF7-4875-B71A-9F95EA3342AE}"
EndProject
Project("{9A19103F-16F7-4668-BE54-9A1E7A4F7556}") = "Wyam.Tests", "tests\clients\Wyam.Tests\Wyam.Tests.csproj", "{49D807FA-5199-4707-A7DD-B41FBBEFD8FE}"
EndProject
Project("{9A19103F-16F7-4668-BE54-9A1E7A4F7556}") = "Cake.Wyam", "src\clients\Cake.Wyam\Cake.Wyam.csproj", "{690065CB-CECD-4DF6-A547-38C96B1A7F55}"
EndProject
Project("{9A19103F-16F7-4668-BE54-9A1E7A4F7556}") = "Cake.Wyam.Tests", "tests\clients\Cake.Wyam.Tests\Cake.Wyam.Tests.csproj", "{CE803777-2293-4909-A9A5-7D6248C4A6A7}"
EndProject
Project("{9A19103F-16F7-4668-BE54-9A1E7A4F7556}") = "Wyam.Configuration", "src\core\Wyam.Configuration\Wyam.Configuration.csproj", "{43CCBEF4-C940-457E-B6D7-4D2675532926}"
EndProject
Project("{9A19103F-16F7-4668-BE54-9A1E7A4F7556}") = "Wyam.Configuration.Tests", "tests\core\Wyam.Configuration.Tests\Wyam.Configuration.Tests.csproj", "{491238B1-B760-4CBB-A971-01EC1E29C8D6}"
EndProject
Project("{9A19103F-16F7-4668-BE54-9A1E7A4F7556}") = "Wyam.Blog", "src\recipes\Wyam.Blog\Wyam.Blog.csproj", "{0CE39B26-B141-4645-A941-8B14779CA348}"
EndProject
Project("{9A19103F-16F7-4668-BE54-9A1E7A4F7556}") = "Wyam.Feeds", "src\extensions\Wyam.Feeds\Wyam.Feeds.csproj", "{BD7F456D-2576-43CC-B554-C03EB02BE8B7}"
EndProject
Project("{2150E333-8FDC-42A3-9474-1A3956D46DE8}") = "src", "src", "{DA9CFA76-E730-4707-A312-01470C89FA6E}"
EndProject
Project("{2150E333-8FDC-42A3-9474-1A3956D46DE8}") = "clients", "clients", "{43F26311-B67F-4F8D-BBAC-9C6F4B9F5C52}"
EndProject
Project("{2150E333-8FDC-42A3-9474-1A3956D46DE8}") = "core", "core", "{4813B17D-EFCA-401D-B0E6-7B24B3946A70}"
EndProject
Project("{2150E333-8FDC-42A3-9474-1A3956D46DE8}") = "extensions", "extensions", "{5A431149-2B88-40C3-9717-CA6CCF214317}"
EndProject
Project("{2150E333-8FDC-42A3-9474-1A3956D46DE8}") = "clients", "clients", "{F7554C08-BF6D-48AA-A4BD-EA300EBEA4A4}"
EndProject
Project("{2150E333-8FDC-42A3-9474-1A3956D46DE8}") = "core", "core", "{12931CA5-E734-4CD9-883D-27D897512183}"
EndProject
Project("{2150E333-8FDC-42A3-9474-1A3956D46DE8}") = "extensions", "extensions", "{2E5842F3-4797-4BB5-9A55-F3A005B434F8}"
EndProject
Project("{2150E333-8FDC-42A3-9474-1A3956D46DE8}") = "integration", "integration", "{C5AED397-4463-4DE7-8A7E-74A4C949E417}"
EndProject
Project("{9A19103F-16F7-4668-BE54-9A1E7A4F7556}") = "Wyam.Docs", "src\recipes\Wyam.Docs\Wyam.Docs.csproj", "{0EB71E59-8D5C-45F3-BF1D-8649BA76D139}"
EndProject
Project("{9A19103F-16F7-4668-BE54-9A1E7A4F7556}") = "Wyam.Highlight", "src\extensions\Wyam.Highlight\Wyam.Highlight.csproj", "{5FE758A2-1221-48FE-8A3C-8B3B9A32AFAB}"
EndProject
Project("{9A19103F-16F7-4668-BE54-9A1E7A4F7556}") = "Wyam.Highlight.Tests", "tests\extensions\Wyam.Highlight.Tests\Wyam.Highlight.Tests.csproj", "{A6DE4586-1398-4071-90AB-5CCC1C949720}"
EndProject
Project("{9A19103F-16F7-4668-BE54-9A1E7A4F7556}") = "Wyam.Testing.JavaScript", "src\core\Wyam.Testing.JavaScript\Wyam.Testing.JavaScript.csproj", "{95080CB0-DC4E-4617-8F73-6E06A6CA2F5F}"
EndProject
Project("{9A19103F-16F7-4668-BE54-9A1E7A4F7556}") = "Wyam.Hosting", "src\core\Wyam.Hosting\Wyam.Hosting.csproj", "{A3041B22-8A32-4ADB-89F3-A808AC60899B}"
EndProject
Project("{9A19103F-16F7-4668-BE54-9A1E7A4F7556}") = "Wyam.Hosting.Tests", "tests\core\Wyam.Hosting.Tests\Wyam.Hosting.Tests.csproj", "{9C59DA3D-6A41-4DC4-A4BB-0927C6978367}"
EndProject
Project("{9A19103F-16F7-4668-BE54-9A1E7A4F7556}") = "Wyam.Sass", "src\extensions\Wyam.Sass\Wyam.Sass.csproj", "{90A0AB19-0146-4931-BEFA-D895B192E050}"
EndProject
Project("{9A19103F-16F7-4668-BE54-9A1E7A4F7556}") = "Wyam.Sass.Tests", "tests\extensions\Wyam.Sass.Tests\Wyam.Sass.Tests.csproj", "{A6B7B1A6-7BE5-4E98-9286-D03A0F936E98}"
EndProject
Project("{2150E333-8FDC-42A3-9474-1A3956D46DE8}") = "misc", "misc", "{9B01F618-6AB3-4DCD-A044-4CA58EEF6419}"
	ProjectSection(SolutionItems) = preProject
		.editorconfig = .editorconfig
		stylecop.json = stylecop.json
		test.ruleset = test.ruleset
		wyam.ruleset = wyam.ruleset
		Wyam.sln.DotSettings = Wyam.sln.DotSettings
	EndProjectSection
EndProject
Project("{9A19103F-16F7-4668-BE54-9A1E7A4F7556}") = "Wyam.BookSite", "src\recipes\Wyam.BookSite\Wyam.BookSite.csproj", "{8A4FBE8F-B009-4EA7-B941-9B6406B4E55D}"
EndProject
Project("{9A19103F-16F7-4668-BE54-9A1E7A4F7556}") = "Wyam.Web", "src\recipes\Wyam.Web\Wyam.Web.csproj", "{A4038D8B-40ED-4802-AA95-1E6171EF6036}"
EndProject
Project("{2150E333-8FDC-42A3-9474-1A3956D46DE8}") = "recipes", "recipes", "{AC85A818-00B5-468B-A4F9-A8C90E493363}"
EndProject
Project("{9A19103F-16F7-4668-BE54-9A1E7A4F7556}") = "Wyam.YouTube", "src\extensions\Wyam.YouTube\Wyam.YouTube.csproj", "{CBD166F0-F93E-48E7-83E0-99DB2CCED36A}"
EndProject
Project("{9A19103F-16F7-4668-BE54-9A1E7A4F7556}") = "Wyam.YouTube.Tests", "tests\extensions\Wyam.YouTube.Tests\Wyam.YouTube.Tests.csproj", "{9C1DA009-EADE-451A-9EB8-4075B079B0F1}"
EndProject
Project("{FAE04EC0-301F-11D3-BF4B-00C04F79EFBC}") = "Wyam.OpenAPI", "src\extensions\Wyam.OpenAPI\Wyam.OpenAPI.csproj", "{7ABAC454-D6CB-442F-AF7C-6DCBE0EFD9AF}"
EndProject
Project("{FAE04EC0-301F-11D3-BF4B-00C04F79EFBC}") = "Wyam.OpenAPI.Tests", "tests\extensions\Wyam.OpenAPI.Tests\Wyam.OpenAPI.Tests.csproj", "{456F921A-26DB-4D5F-8EB5-C76C7839493A}"
EndProject
Global
	GlobalSection(SolutionConfigurationPlatforms) = preSolution
		Debug|Any CPU = Debug|Any CPU
		Release|Any CPU = Release|Any CPU
	EndGlobalSection
	GlobalSection(ProjectConfigurationPlatforms) = postSolution
		{9CADDE07-290F-4958-B0D4-2E613B8F127F}.Debug|Any CPU.ActiveCfg = Debug|Any CPU
		{9CADDE07-290F-4958-B0D4-2E613B8F127F}.Debug|Any CPU.Build.0 = Debug|Any CPU
		{9CADDE07-290F-4958-B0D4-2E613B8F127F}.Release|Any CPU.ActiveCfg = Release|Any CPU
		{9CADDE07-290F-4958-B0D4-2E613B8F127F}.Release|Any CPU.Build.0 = Release|Any CPU
		{BC8C5DE2-6692-4E39-A0BB-689C316AEFF1}.Debug|Any CPU.ActiveCfg = Debug|Any CPU
		{BC8C5DE2-6692-4E39-A0BB-689C316AEFF1}.Debug|Any CPU.Build.0 = Debug|Any CPU
		{BC8C5DE2-6692-4E39-A0BB-689C316AEFF1}.Release|Any CPU.ActiveCfg = Release|Any CPU
		{BC8C5DE2-6692-4E39-A0BB-689C316AEFF1}.Release|Any CPU.Build.0 = Release|Any CPU
		{862B500E-D6C3-4026-868C-4097C3AD1D5C}.Debug|Any CPU.ActiveCfg = Debug|Any CPU
		{862B500E-D6C3-4026-868C-4097C3AD1D5C}.Debug|Any CPU.Build.0 = Debug|Any CPU
		{862B500E-D6C3-4026-868C-4097C3AD1D5C}.Release|Any CPU.ActiveCfg = Release|Any CPU
		{862B500E-D6C3-4026-868C-4097C3AD1D5C}.Release|Any CPU.Build.0 = Release|Any CPU
		{AF8F5C85-2C54-4CFE-A509-C30515B7B943}.Debug|Any CPU.ActiveCfg = Debug|Any CPU
		{AF8F5C85-2C54-4CFE-A509-C30515B7B943}.Debug|Any CPU.Build.0 = Debug|Any CPU
		{AF8F5C85-2C54-4CFE-A509-C30515B7B943}.Release|Any CPU.ActiveCfg = Release|Any CPU
		{AF8F5C85-2C54-4CFE-A509-C30515B7B943}.Release|Any CPU.Build.0 = Release|Any CPU
		{F40B73E9-C0CC-465C-925E-B51E686C1D5C}.Debug|Any CPU.ActiveCfg = Debug|Any CPU
		{F40B73E9-C0CC-465C-925E-B51E686C1D5C}.Debug|Any CPU.Build.0 = Debug|Any CPU
		{F40B73E9-C0CC-465C-925E-B51E686C1D5C}.Release|Any CPU.ActiveCfg = Release|Any CPU
		{F40B73E9-C0CC-465C-925E-B51E686C1D5C}.Release|Any CPU.Build.0 = Release|Any CPU
		{AB59F7BD-0FC3-43AD-A3AE-2E3C7551E947}.Debug|Any CPU.ActiveCfg = Debug|Any CPU
		{AB59F7BD-0FC3-43AD-A3AE-2E3C7551E947}.Debug|Any CPU.Build.0 = Debug|Any CPU
		{AB59F7BD-0FC3-43AD-A3AE-2E3C7551E947}.Release|Any CPU.ActiveCfg = Release|Any CPU
		{AB59F7BD-0FC3-43AD-A3AE-2E3C7551E947}.Release|Any CPU.Build.0 = Release|Any CPU
		{E5F18C7B-08A6-4F2C-9999-34F54BA2212A}.Debug|Any CPU.ActiveCfg = Debug|Any CPU
		{E5F18C7B-08A6-4F2C-9999-34F54BA2212A}.Debug|Any CPU.Build.0 = Debug|Any CPU
		{E5F18C7B-08A6-4F2C-9999-34F54BA2212A}.Release|Any CPU.ActiveCfg = Release|Any CPU
		{E5F18C7B-08A6-4F2C-9999-34F54BA2212A}.Release|Any CPU.Build.0 = Release|Any CPU
		{D044419D-363A-47CC-A4ED-466A6128D7A2}.Debug|Any CPU.ActiveCfg = Debug|Any CPU
		{D044419D-363A-47CC-A4ED-466A6128D7A2}.Debug|Any CPU.Build.0 = Debug|Any CPU
		{D044419D-363A-47CC-A4ED-466A6128D7A2}.Release|Any CPU.ActiveCfg = Release|Any CPU
		{D044419D-363A-47CC-A4ED-466A6128D7A2}.Release|Any CPU.Build.0 = Release|Any CPU
		{97C9B323-A7C4-415A-994A-FB4350ED26D0}.Debug|Any CPU.ActiveCfg = Debug|Any CPU
		{97C9B323-A7C4-415A-994A-FB4350ED26D0}.Debug|Any CPU.Build.0 = Debug|Any CPU
		{97C9B323-A7C4-415A-994A-FB4350ED26D0}.Release|Any CPU.ActiveCfg = Release|Any CPU
		{97C9B323-A7C4-415A-994A-FB4350ED26D0}.Release|Any CPU.Build.0 = Release|Any CPU
		{6BDD24AD-D0CE-4B76-BC20-128299237505}.Debug|Any CPU.ActiveCfg = Debug|Any CPU
		{6BDD24AD-D0CE-4B76-BC20-128299237505}.Debug|Any CPU.Build.0 = Debug|Any CPU
		{6BDD24AD-D0CE-4B76-BC20-128299237505}.Release|Any CPU.ActiveCfg = Release|Any CPU
		{6BDD24AD-D0CE-4B76-BC20-128299237505}.Release|Any CPU.Build.0 = Release|Any CPU
		{FBB9FB85-A0FC-4201-BC29-30FF16C93E76}.Debug|Any CPU.ActiveCfg = Debug|Any CPU
		{FBB9FB85-A0FC-4201-BC29-30FF16C93E76}.Debug|Any CPU.Build.0 = Debug|Any CPU
		{FBB9FB85-A0FC-4201-BC29-30FF16C93E76}.Release|Any CPU.ActiveCfg = Release|Any CPU
		{FBB9FB85-A0FC-4201-BC29-30FF16C93E76}.Release|Any CPU.Build.0 = Release|Any CPU
		{D6AD32C7-3B15-4F1C-8A2D-403D97F0CD41}.Debug|Any CPU.ActiveCfg = Debug|Any CPU
		{D6AD32C7-3B15-4F1C-8A2D-403D97F0CD41}.Debug|Any CPU.Build.0 = Debug|Any CPU
		{D6AD32C7-3B15-4F1C-8A2D-403D97F0CD41}.Release|Any CPU.ActiveCfg = Release|Any CPU
		{D6AD32C7-3B15-4F1C-8A2D-403D97F0CD41}.Release|Any CPU.Build.0 = Release|Any CPU
		{68085EE3-BB21-4E52-9A86-DD1820A0D010}.Debug|Any CPU.ActiveCfg = Debug|Any CPU
		{68085EE3-BB21-4E52-9A86-DD1820A0D010}.Debug|Any CPU.Build.0 = Debug|Any CPU
		{68085EE3-BB21-4E52-9A86-DD1820A0D010}.Release|Any CPU.ActiveCfg = Release|Any CPU
		{68085EE3-BB21-4E52-9A86-DD1820A0D010}.Release|Any CPU.Build.0 = Release|Any CPU
		{822FDD27-DAA4-4816-A0EA-DC079430445C}.Debug|Any CPU.ActiveCfg = Debug|Any CPU
		{822FDD27-DAA4-4816-A0EA-DC079430445C}.Debug|Any CPU.Build.0 = Debug|Any CPU
		{822FDD27-DAA4-4816-A0EA-DC079430445C}.Release|Any CPU.ActiveCfg = Release|Any CPU
		{822FDD27-DAA4-4816-A0EA-DC079430445C}.Release|Any CPU.Build.0 = Release|Any CPU
		{3E93B31C-5670-413A-947A-77A46456CD13}.Debug|Any CPU.ActiveCfg = Debug|Any CPU
		{3E93B31C-5670-413A-947A-77A46456CD13}.Debug|Any CPU.Build.0 = Debug|Any CPU
		{3E93B31C-5670-413A-947A-77A46456CD13}.Release|Any CPU.ActiveCfg = Release|Any CPU
		{3E93B31C-5670-413A-947A-77A46456CD13}.Release|Any CPU.Build.0 = Release|Any CPU
		{0D7F4902-C048-46AA-BDD1-B87B657003FF}.Debug|Any CPU.ActiveCfg = Debug|Any CPU
		{0D7F4902-C048-46AA-BDD1-B87B657003FF}.Debug|Any CPU.Build.0 = Debug|Any CPU
		{0D7F4902-C048-46AA-BDD1-B87B657003FF}.Release|Any CPU.ActiveCfg = Release|Any CPU
		{0D7F4902-C048-46AA-BDD1-B87B657003FF}.Release|Any CPU.Build.0 = Release|Any CPU
		{704624AF-5081-4EC7-BD47-AB93292D7B4E}.Debug|Any CPU.ActiveCfg = Debug|Any CPU
		{704624AF-5081-4EC7-BD47-AB93292D7B4E}.Debug|Any CPU.Build.0 = Debug|Any CPU
		{704624AF-5081-4EC7-BD47-AB93292D7B4E}.Release|Any CPU.ActiveCfg = Release|Any CPU
		{704624AF-5081-4EC7-BD47-AB93292D7B4E}.Release|Any CPU.Build.0 = Release|Any CPU
		{F4C0C025-5E08-4ED2-A089-67C41702AE7B}.Debug|Any CPU.ActiveCfg = Debug|Any CPU
		{F4C0C025-5E08-4ED2-A089-67C41702AE7B}.Debug|Any CPU.Build.0 = Debug|Any CPU
		{F4C0C025-5E08-4ED2-A089-67C41702AE7B}.Release|Any CPU.ActiveCfg = Release|Any CPU
		{F4C0C025-5E08-4ED2-A089-67C41702AE7B}.Release|Any CPU.Build.0 = Release|Any CPU
		{9BF3B222-0B52-46E8-B3E2-5A5EB62EFFF4}.Debug|Any CPU.ActiveCfg = Debug|Any CPU
		{9BF3B222-0B52-46E8-B3E2-5A5EB62EFFF4}.Debug|Any CPU.Build.0 = Debug|Any CPU
		{9BF3B222-0B52-46E8-B3E2-5A5EB62EFFF4}.Release|Any CPU.ActiveCfg = Release|Any CPU
		{9BF3B222-0B52-46E8-B3E2-5A5EB62EFFF4}.Release|Any CPU.Build.0 = Release|Any CPU
		{F17862D9-8B53-44C0-9102-B1B84BE72E76}.Debug|Any CPU.ActiveCfg = Debug|Any CPU
		{F17862D9-8B53-44C0-9102-B1B84BE72E76}.Debug|Any CPU.Build.0 = Debug|Any CPU
		{F17862D9-8B53-44C0-9102-B1B84BE72E76}.Release|Any CPU.ActiveCfg = Release|Any CPU
		{F17862D9-8B53-44C0-9102-B1B84BE72E76}.Release|Any CPU.Build.0 = Release|Any CPU
		{2BA7C7E0-FCA7-4A46-98E6-C43B52D07CE9}.Debug|Any CPU.ActiveCfg = Debug|Any CPU
		{2BA7C7E0-FCA7-4A46-98E6-C43B52D07CE9}.Debug|Any CPU.Build.0 = Debug|Any CPU
		{2BA7C7E0-FCA7-4A46-98E6-C43B52D07CE9}.Release|Any CPU.ActiveCfg = Release|Any CPU
		{2BA7C7E0-FCA7-4A46-98E6-C43B52D07CE9}.Release|Any CPU.Build.0 = Release|Any CPU
		{957FE3A0-7CE0-48A1-9767-D122B9F43907}.Debug|Any CPU.ActiveCfg = Debug|Any CPU
		{957FE3A0-7CE0-48A1-9767-D122B9F43907}.Debug|Any CPU.Build.0 = Debug|Any CPU
		{957FE3A0-7CE0-48A1-9767-D122B9F43907}.Release|Any CPU.ActiveCfg = Release|Any CPU
		{957FE3A0-7CE0-48A1-9767-D122B9F43907}.Release|Any CPU.Build.0 = Release|Any CPU
		{18E8DFBE-436C-4477-A5A2-61551CE268A2}.Debug|Any CPU.ActiveCfg = Debug|Any CPU
		{18E8DFBE-436C-4477-A5A2-61551CE268A2}.Debug|Any CPU.Build.0 = Debug|Any CPU
		{18E8DFBE-436C-4477-A5A2-61551CE268A2}.Release|Any CPU.ActiveCfg = Release|Any CPU
		{18E8DFBE-436C-4477-A5A2-61551CE268A2}.Release|Any CPU.Build.0 = Release|Any CPU
		{5BB70078-E81A-48F8-A4A0-69F312BADCC5}.Debug|Any CPU.ActiveCfg = Debug|Any CPU
		{5BB70078-E81A-48F8-A4A0-69F312BADCC5}.Debug|Any CPU.Build.0 = Debug|Any CPU
		{5BB70078-E81A-48F8-A4A0-69F312BADCC5}.Release|Any CPU.ActiveCfg = Release|Any CPU
		{5BB70078-E81A-48F8-A4A0-69F312BADCC5}.Release|Any CPU.Build.0 = Release|Any CPU
		{2392BE38-2D56-4F72-8659-A3435FB1EC86}.Debug|Any CPU.ActiveCfg = Debug|Any CPU
		{2392BE38-2D56-4F72-8659-A3435FB1EC86}.Debug|Any CPU.Build.0 = Debug|Any CPU
		{2392BE38-2D56-4F72-8659-A3435FB1EC86}.Release|Any CPU.ActiveCfg = Release|Any CPU
		{2392BE38-2D56-4F72-8659-A3435FB1EC86}.Release|Any CPU.Build.0 = Release|Any CPU
		{F835BE84-9121-4E31-B2DA-0C7E5391DAC3}.Debug|Any CPU.ActiveCfg = Debug|Any CPU
		{F835BE84-9121-4E31-B2DA-0C7E5391DAC3}.Debug|Any CPU.Build.0 = Debug|Any CPU
		{F835BE84-9121-4E31-B2DA-0C7E5391DAC3}.Release|Any CPU.ActiveCfg = Release|Any CPU
		{F835BE84-9121-4E31-B2DA-0C7E5391DAC3}.Release|Any CPU.Build.0 = Release|Any CPU
		{F55FB154-8722-450C-B641-6DE331ED94A0}.Debug|Any CPU.ActiveCfg = Debug|Any CPU
		{F55FB154-8722-450C-B641-6DE331ED94A0}.Debug|Any CPU.Build.0 = Debug|Any CPU
		{F55FB154-8722-450C-B641-6DE331ED94A0}.Release|Any CPU.ActiveCfg = Release|Any CPU
		{F55FB154-8722-450C-B641-6DE331ED94A0}.Release|Any CPU.Build.0 = Release|Any CPU
		{25A5AC38-6AE9-49F4-B87B-08EAFD11AB5C}.Debug|Any CPU.ActiveCfg = Debug|Any CPU
		{25A5AC38-6AE9-49F4-B87B-08EAFD11AB5C}.Debug|Any CPU.Build.0 = Debug|Any CPU
		{25A5AC38-6AE9-49F4-B87B-08EAFD11AB5C}.Release|Any CPU.ActiveCfg = Release|Any CPU
		{25A5AC38-6AE9-49F4-B87B-08EAFD11AB5C}.Release|Any CPU.Build.0 = Release|Any CPU
		{7726D040-4192-49C7-B9EA-E192397127C3}.Debug|Any CPU.ActiveCfg = Debug|Any CPU
		{7726D040-4192-49C7-B9EA-E192397127C3}.Debug|Any CPU.Build.0 = Debug|Any CPU
		{7726D040-4192-49C7-B9EA-E192397127C3}.Release|Any CPU.ActiveCfg = Release|Any CPU
		{7726D040-4192-49C7-B9EA-E192397127C3}.Release|Any CPU.Build.0 = Release|Any CPU
		{327A23F7-AE78-48B3-97B0-7180492CF08C}.Debug|Any CPU.ActiveCfg = Debug|Any CPU
		{327A23F7-AE78-48B3-97B0-7180492CF08C}.Debug|Any CPU.Build.0 = Debug|Any CPU
		{327A23F7-AE78-48B3-97B0-7180492CF08C}.Release|Any CPU.ActiveCfg = Release|Any CPU
		{327A23F7-AE78-48B3-97B0-7180492CF08C}.Release|Any CPU.Build.0 = Release|Any CPU
		{AD223A29-5736-4914-9D24-66D8329E663E}.Debug|Any CPU.ActiveCfg = Debug|Any CPU
		{AD223A29-5736-4914-9D24-66D8329E663E}.Debug|Any CPU.Build.0 = Debug|Any CPU
		{AD223A29-5736-4914-9D24-66D8329E663E}.Release|Any CPU.ActiveCfg = Release|Any CPU
		{AD223A29-5736-4914-9D24-66D8329E663E}.Release|Any CPU.Build.0 = Release|Any CPU
		{6AD5C161-7FF7-4875-B71A-9F95EA3342AE}.Debug|Any CPU.ActiveCfg = Debug|Any CPU
		{6AD5C161-7FF7-4875-B71A-9F95EA3342AE}.Debug|Any CPU.Build.0 = Debug|Any CPU
		{6AD5C161-7FF7-4875-B71A-9F95EA3342AE}.Release|Any CPU.ActiveCfg = Release|Any CPU
		{6AD5C161-7FF7-4875-B71A-9F95EA3342AE}.Release|Any CPU.Build.0 = Release|Any CPU
		{49D807FA-5199-4707-A7DD-B41FBBEFD8FE}.Debug|Any CPU.ActiveCfg = Debug|Any CPU
		{49D807FA-5199-4707-A7DD-B41FBBEFD8FE}.Debug|Any CPU.Build.0 = Debug|Any CPU
		{49D807FA-5199-4707-A7DD-B41FBBEFD8FE}.Release|Any CPU.ActiveCfg = Release|Any CPU
		{49D807FA-5199-4707-A7DD-B41FBBEFD8FE}.Release|Any CPU.Build.0 = Release|Any CPU
		{690065CB-CECD-4DF6-A547-38C96B1A7F55}.Debug|Any CPU.ActiveCfg = Debug|Any CPU
		{690065CB-CECD-4DF6-A547-38C96B1A7F55}.Debug|Any CPU.Build.0 = Debug|Any CPU
		{690065CB-CECD-4DF6-A547-38C96B1A7F55}.Release|Any CPU.ActiveCfg = Release|Any CPU
		{690065CB-CECD-4DF6-A547-38C96B1A7F55}.Release|Any CPU.Build.0 = Release|Any CPU
		{CE803777-2293-4909-A9A5-7D6248C4A6A7}.Debug|Any CPU.ActiveCfg = Debug|Any CPU
		{CE803777-2293-4909-A9A5-7D6248C4A6A7}.Debug|Any CPU.Build.0 = Debug|Any CPU
		{CE803777-2293-4909-A9A5-7D6248C4A6A7}.Release|Any CPU.ActiveCfg = Release|Any CPU
		{CE803777-2293-4909-A9A5-7D6248C4A6A7}.Release|Any CPU.Build.0 = Release|Any CPU
		{43CCBEF4-C940-457E-B6D7-4D2675532926}.Debug|Any CPU.ActiveCfg = Debug|Any CPU
		{43CCBEF4-C940-457E-B6D7-4D2675532926}.Debug|Any CPU.Build.0 = Debug|Any CPU
		{43CCBEF4-C940-457E-B6D7-4D2675532926}.Release|Any CPU.ActiveCfg = Release|Any CPU
		{43CCBEF4-C940-457E-B6D7-4D2675532926}.Release|Any CPU.Build.0 = Release|Any CPU
		{491238B1-B760-4CBB-A971-01EC1E29C8D6}.Debug|Any CPU.ActiveCfg = Debug|Any CPU
		{491238B1-B760-4CBB-A971-01EC1E29C8D6}.Debug|Any CPU.Build.0 = Debug|Any CPU
		{491238B1-B760-4CBB-A971-01EC1E29C8D6}.Release|Any CPU.ActiveCfg = Release|Any CPU
		{491238B1-B760-4CBB-A971-01EC1E29C8D6}.Release|Any CPU.Build.0 = Release|Any CPU
		{0CE39B26-B141-4645-A941-8B14779CA348}.Debug|Any CPU.ActiveCfg = Debug|Any CPU
		{0CE39B26-B141-4645-A941-8B14779CA348}.Debug|Any CPU.Build.0 = Debug|Any CPU
		{0CE39B26-B141-4645-A941-8B14779CA348}.Release|Any CPU.ActiveCfg = Release|Any CPU
		{0CE39B26-B141-4645-A941-8B14779CA348}.Release|Any CPU.Build.0 = Release|Any CPU
		{BD7F456D-2576-43CC-B554-C03EB02BE8B7}.Debug|Any CPU.ActiveCfg = Debug|Any CPU
		{BD7F456D-2576-43CC-B554-C03EB02BE8B7}.Debug|Any CPU.Build.0 = Debug|Any CPU
		{BD7F456D-2576-43CC-B554-C03EB02BE8B7}.Release|Any CPU.ActiveCfg = Release|Any CPU
		{BD7F456D-2576-43CC-B554-C03EB02BE8B7}.Release|Any CPU.Build.0 = Release|Any CPU
		{0EB71E59-8D5C-45F3-BF1D-8649BA76D139}.Debug|Any CPU.ActiveCfg = Debug|Any CPU
		{0EB71E59-8D5C-45F3-BF1D-8649BA76D139}.Debug|Any CPU.Build.0 = Debug|Any CPU
		{0EB71E59-8D5C-45F3-BF1D-8649BA76D139}.Release|Any CPU.ActiveCfg = Release|Any CPU
		{0EB71E59-8D5C-45F3-BF1D-8649BA76D139}.Release|Any CPU.Build.0 = Release|Any CPU
		{5FE758A2-1221-48FE-8A3C-8B3B9A32AFAB}.Debug|Any CPU.ActiveCfg = Debug|Any CPU
		{5FE758A2-1221-48FE-8A3C-8B3B9A32AFAB}.Debug|Any CPU.Build.0 = Debug|Any CPU
		{5FE758A2-1221-48FE-8A3C-8B3B9A32AFAB}.Release|Any CPU.ActiveCfg = Release|Any CPU
		{5FE758A2-1221-48FE-8A3C-8B3B9A32AFAB}.Release|Any CPU.Build.0 = Release|Any CPU
		{A6DE4586-1398-4071-90AB-5CCC1C949720}.Debug|Any CPU.ActiveCfg = Debug|Any CPU
		{A6DE4586-1398-4071-90AB-5CCC1C949720}.Debug|Any CPU.Build.0 = Debug|Any CPU
		{A6DE4586-1398-4071-90AB-5CCC1C949720}.Release|Any CPU.ActiveCfg = Release|Any CPU
		{A6DE4586-1398-4071-90AB-5CCC1C949720}.Release|Any CPU.Build.0 = Release|Any CPU
		{95080CB0-DC4E-4617-8F73-6E06A6CA2F5F}.Debug|Any CPU.ActiveCfg = Debug|Any CPU
		{95080CB0-DC4E-4617-8F73-6E06A6CA2F5F}.Debug|Any CPU.Build.0 = Debug|Any CPU
		{95080CB0-DC4E-4617-8F73-6E06A6CA2F5F}.Release|Any CPU.ActiveCfg = Release|Any CPU
		{95080CB0-DC4E-4617-8F73-6E06A6CA2F5F}.Release|Any CPU.Build.0 = Release|Any CPU
		{A3041B22-8A32-4ADB-89F3-A808AC60899B}.Debug|Any CPU.ActiveCfg = Debug|Any CPU
		{A3041B22-8A32-4ADB-89F3-A808AC60899B}.Debug|Any CPU.Build.0 = Debug|Any CPU
		{A3041B22-8A32-4ADB-89F3-A808AC60899B}.Release|Any CPU.ActiveCfg = Release|Any CPU
		{A3041B22-8A32-4ADB-89F3-A808AC60899B}.Release|Any CPU.Build.0 = Release|Any CPU
		{9C59DA3D-6A41-4DC4-A4BB-0927C6978367}.Debug|Any CPU.ActiveCfg = Debug|Any CPU
		{9C59DA3D-6A41-4DC4-A4BB-0927C6978367}.Debug|Any CPU.Build.0 = Debug|Any CPU
		{9C59DA3D-6A41-4DC4-A4BB-0927C6978367}.Release|Any CPU.ActiveCfg = Release|Any CPU
		{9C59DA3D-6A41-4DC4-A4BB-0927C6978367}.Release|Any CPU.Build.0 = Release|Any CPU
		{90A0AB19-0146-4931-BEFA-D895B192E050}.Debug|Any CPU.ActiveCfg = Debug|Any CPU
		{90A0AB19-0146-4931-BEFA-D895B192E050}.Debug|Any CPU.Build.0 = Debug|Any CPU
		{90A0AB19-0146-4931-BEFA-D895B192E050}.Release|Any CPU.ActiveCfg = Release|Any CPU
		{90A0AB19-0146-4931-BEFA-D895B192E050}.Release|Any CPU.Build.0 = Release|Any CPU
		{A6B7B1A6-7BE5-4E98-9286-D03A0F936E98}.Debug|Any CPU.ActiveCfg = Debug|Any CPU
		{A6B7B1A6-7BE5-4E98-9286-D03A0F936E98}.Debug|Any CPU.Build.0 = Debug|Any CPU
		{A6B7B1A6-7BE5-4E98-9286-D03A0F936E98}.Release|Any CPU.ActiveCfg = Release|Any CPU
		{A6B7B1A6-7BE5-4E98-9286-D03A0F936E98}.Release|Any CPU.Build.0 = Release|Any CPU
		{8A4FBE8F-B009-4EA7-B941-9B6406B4E55D}.Debug|Any CPU.ActiveCfg = Debug|Any CPU
		{8A4FBE8F-B009-4EA7-B941-9B6406B4E55D}.Debug|Any CPU.Build.0 = Debug|Any CPU
		{8A4FBE8F-B009-4EA7-B941-9B6406B4E55D}.Release|Any CPU.ActiveCfg = Release|Any CPU
		{8A4FBE8F-B009-4EA7-B941-9B6406B4E55D}.Release|Any CPU.Build.0 = Release|Any CPU
		{A4038D8B-40ED-4802-AA95-1E6171EF6036}.Debug|Any CPU.ActiveCfg = Debug|Any CPU
		{A4038D8B-40ED-4802-AA95-1E6171EF6036}.Debug|Any CPU.Build.0 = Debug|Any CPU
		{A4038D8B-40ED-4802-AA95-1E6171EF6036}.Release|Any CPU.ActiveCfg = Release|Any CPU
		{A4038D8B-40ED-4802-AA95-1E6171EF6036}.Release|Any CPU.Build.0 = Release|Any CPU
		{CBD166F0-F93E-48E7-83E0-99DB2CCED36A}.Debug|Any CPU.ActiveCfg = Debug|Any CPU
		{CBD166F0-F93E-48E7-83E0-99DB2CCED36A}.Debug|Any CPU.Build.0 = Debug|Any CPU
		{CBD166F0-F93E-48E7-83E0-99DB2CCED36A}.Release|Any CPU.ActiveCfg = Release|Any CPU
		{CBD166F0-F93E-48E7-83E0-99DB2CCED36A}.Release|Any CPU.Build.0 = Release|Any CPU
		{9C1DA009-EADE-451A-9EB8-4075B079B0F1}.Debug|Any CPU.ActiveCfg = Debug|Any CPU
		{9C1DA009-EADE-451A-9EB8-4075B079B0F1}.Debug|Any CPU.Build.0 = Debug|Any CPU
		{9C1DA009-EADE-451A-9EB8-4075B079B0F1}.Release|Any CPU.ActiveCfg = Release|Any CPU
		{9C1DA009-EADE-451A-9EB8-4075B079B0F1}.Release|Any CPU.Build.0 = Release|Any CPU
		{7ABAC454-D6CB-442F-AF7C-6DCBE0EFD9AF}.Debug|Any CPU.ActiveCfg = Debug|Any CPU
		{7ABAC454-D6CB-442F-AF7C-6DCBE0EFD9AF}.Debug|Any CPU.Build.0 = Debug|Any CPU
		{7ABAC454-D6CB-442F-AF7C-6DCBE0EFD9AF}.Release|Any CPU.ActiveCfg = Release|Any CPU
		{7ABAC454-D6CB-442F-AF7C-6DCBE0EFD9AF}.Release|Any CPU.Build.0 = Release|Any CPU
		{456F921A-26DB-4D5F-8EB5-C76C7839493A}.Debug|Any CPU.ActiveCfg = Debug|Any CPU
		{456F921A-26DB-4D5F-8EB5-C76C7839493A}.Debug|Any CPU.Build.0 = Debug|Any CPU
		{456F921A-26DB-4D5F-8EB5-C76C7839493A}.Release|Any CPU.ActiveCfg = Release|Any CPU
		{456F921A-26DB-4D5F-8EB5-C76C7839493A}.Release|Any CPU.Build.0 = Release|Any CPU
	EndGlobalSection
	GlobalSection(SolutionProperties) = preSolution
		HideSolutionNode = FALSE
	EndGlobalSection
	GlobalSection(NestedProjects) = preSolution
		{9CADDE07-290F-4958-B0D4-2E613B8F127F} = {43F26311-B67F-4F8D-BBAC-9C6F4B9F5C52}
		{BC8C5DE2-6692-4E39-A0BB-689C316AEFF1} = {4813B17D-EFCA-401D-B0E6-7B24B3946A70}
		{862B500E-D6C3-4026-868C-4097C3AD1D5C} = {12931CA5-E734-4CD9-883D-27D897512183}
		{AF8F5C85-2C54-4CFE-A509-C30515B7B943} = {5A431149-2B88-40C3-9717-CA6CCF214317}
		{F40B73E9-C0CC-465C-925E-B51E686C1D5C} = {4813B17D-EFCA-401D-B0E6-7B24B3946A70}
		{AB59F7BD-0FC3-43AD-A3AE-2E3C7551E947} = {5A431149-2B88-40C3-9717-CA6CCF214317}
		{E5F18C7B-08A6-4F2C-9999-34F54BA2212A} = {2E5842F3-4797-4BB5-9A55-F3A005B434F8}
		{D044419D-363A-47CC-A4ED-466A6128D7A2} = {5A431149-2B88-40C3-9717-CA6CCF214317}
		{97C9B323-A7C4-415A-994A-FB4350ED26D0} = {2E5842F3-4797-4BB5-9A55-F3A005B434F8}
		{6BDD24AD-D0CE-4B76-BC20-128299237505} = {C5AED397-4463-4DE7-8A7E-74A4C949E417}
		{FBB9FB85-A0FC-4201-BC29-30FF16C93E76} = {5A431149-2B88-40C3-9717-CA6CCF214317}
		{D6AD32C7-3B15-4F1C-8A2D-403D97F0CD41} = {5A431149-2B88-40C3-9717-CA6CCF214317}
		{68085EE3-BB21-4E52-9A86-DD1820A0D010} = {5A431149-2B88-40C3-9717-CA6CCF214317}
		{822FDD27-DAA4-4816-A0EA-DC079430445C} = {2E5842F3-4797-4BB5-9A55-F3A005B434F8}
		{3E93B31C-5670-413A-947A-77A46456CD13} = {12931CA5-E734-4CD9-883D-27D897512183}
		{0D7F4902-C048-46AA-BDD1-B87B657003FF} = {5A431149-2B88-40C3-9717-CA6CCF214317}
		{704624AF-5081-4EC7-BD47-AB93292D7B4E} = {2E5842F3-4797-4BB5-9A55-F3A005B434F8}
		{F4C0C025-5E08-4ED2-A089-67C41702AE7B} = {5A431149-2B88-40C3-9717-CA6CCF214317}
		{9BF3B222-0B52-46E8-B3E2-5A5EB62EFFF4} = {2E5842F3-4797-4BB5-9A55-F3A005B434F8}
		{F17862D9-8B53-44C0-9102-B1B84BE72E76} = {5A431149-2B88-40C3-9717-CA6CCF214317}
		{2BA7C7E0-FCA7-4A46-98E6-C43B52D07CE9} = {2E5842F3-4797-4BB5-9A55-F3A005B434F8}
		{957FE3A0-7CE0-48A1-9767-D122B9F43907} = {5A431149-2B88-40C3-9717-CA6CCF214317}
		{18E8DFBE-436C-4477-A5A2-61551CE268A2} = {5A431149-2B88-40C3-9717-CA6CCF214317}
		{5BB70078-E81A-48F8-A4A0-69F312BADCC5} = {2E5842F3-4797-4BB5-9A55-F3A005B434F8}
		{2392BE38-2D56-4F72-8659-A3435FB1EC86} = {2E5842F3-4797-4BB5-9A55-F3A005B434F8}
		{F835BE84-9121-4E31-B2DA-0C7E5391DAC3} = {5A431149-2B88-40C3-9717-CA6CCF214317}
		{F55FB154-8722-450C-B641-6DE331ED94A0} = {5A431149-2B88-40C3-9717-CA6CCF214317}
		{25A5AC38-6AE9-49F4-B87B-08EAFD11AB5C} = {2E5842F3-4797-4BB5-9A55-F3A005B434F8}
		{7726D040-4192-49C7-B9EA-E192397127C3} = {4813B17D-EFCA-401D-B0E6-7B24B3946A70}
		{327A23F7-AE78-48B3-97B0-7180492CF08C} = {5A431149-2B88-40C3-9717-CA6CCF214317}
		{AD223A29-5736-4914-9D24-66D8329E663E} = {5A431149-2B88-40C3-9717-CA6CCF214317}
		{6AD5C161-7FF7-4875-B71A-9F95EA3342AE} = {2E5842F3-4797-4BB5-9A55-F3A005B434F8}
		{49D807FA-5199-4707-A7DD-B41FBBEFD8FE} = {F7554C08-BF6D-48AA-A4BD-EA300EBEA4A4}
		{690065CB-CECD-4DF6-A547-38C96B1A7F55} = {43F26311-B67F-4F8D-BBAC-9C6F4B9F5C52}
		{CE803777-2293-4909-A9A5-7D6248C4A6A7} = {F7554C08-BF6D-48AA-A4BD-EA300EBEA4A4}
		{43CCBEF4-C940-457E-B6D7-4D2675532926} = {4813B17D-EFCA-401D-B0E6-7B24B3946A70}
		{491238B1-B760-4CBB-A971-01EC1E29C8D6} = {12931CA5-E734-4CD9-883D-27D897512183}
		{0CE39B26-B141-4645-A941-8B14779CA348} = {AC85A818-00B5-468B-A4F9-A8C90E493363}
		{BD7F456D-2576-43CC-B554-C03EB02BE8B7} = {5A431149-2B88-40C3-9717-CA6CCF214317}
		{43F26311-B67F-4F8D-BBAC-9C6F4B9F5C52} = {DA9CFA76-E730-4707-A312-01470C89FA6E}
		{4813B17D-EFCA-401D-B0E6-7B24B3946A70} = {DA9CFA76-E730-4707-A312-01470C89FA6E}
		{5A431149-2B88-40C3-9717-CA6CCF214317} = {DA9CFA76-E730-4707-A312-01470C89FA6E}
		{F7554C08-BF6D-48AA-A4BD-EA300EBEA4A4} = {596452BD-AE34-4989-A36F-88FF72B2DFD8}
		{12931CA5-E734-4CD9-883D-27D897512183} = {596452BD-AE34-4989-A36F-88FF72B2DFD8}
		{2E5842F3-4797-4BB5-9A55-F3A005B434F8} = {596452BD-AE34-4989-A36F-88FF72B2DFD8}
		{C5AED397-4463-4DE7-8A7E-74A4C949E417} = {596452BD-AE34-4989-A36F-88FF72B2DFD8}
		{0EB71E59-8D5C-45F3-BF1D-8649BA76D139} = {AC85A818-00B5-468B-A4F9-A8C90E493363}
		{5FE758A2-1221-48FE-8A3C-8B3B9A32AFAB} = {5A431149-2B88-40C3-9717-CA6CCF214317}
		{A6DE4586-1398-4071-90AB-5CCC1C949720} = {2E5842F3-4797-4BB5-9A55-F3A005B434F8}
		{95080CB0-DC4E-4617-8F73-6E06A6CA2F5F} = {4813B17D-EFCA-401D-B0E6-7B24B3946A70}
		{A3041B22-8A32-4ADB-89F3-A808AC60899B} = {4813B17D-EFCA-401D-B0E6-7B24B3946A70}
		{9C59DA3D-6A41-4DC4-A4BB-0927C6978367} = {12931CA5-E734-4CD9-883D-27D897512183}
		{90A0AB19-0146-4931-BEFA-D895B192E050} = {5A431149-2B88-40C3-9717-CA6CCF214317}
		{A6B7B1A6-7BE5-4E98-9286-D03A0F936E98} = {2E5842F3-4797-4BB5-9A55-F3A005B434F8}
		{8A4FBE8F-B009-4EA7-B941-9B6406B4E55D} = {AC85A818-00B5-468B-A4F9-A8C90E493363}
		{A4038D8B-40ED-4802-AA95-1E6171EF6036} = {AC85A818-00B5-468B-A4F9-A8C90E493363}
		{AC85A818-00B5-468B-A4F9-A8C90E493363} = {DA9CFA76-E730-4707-A312-01470C89FA6E}
		{CBD166F0-F93E-48E7-83E0-99DB2CCED36A} = {5A431149-2B88-40C3-9717-CA6CCF214317}
		{9C1DA009-EADE-451A-9EB8-4075B079B0F1} = {2E5842F3-4797-4BB5-9A55-F3A005B434F8}
		{7ABAC454-D6CB-442F-AF7C-6DCBE0EFD9AF} = {5A431149-2B88-40C3-9717-CA6CCF214317}
		{456F921A-26DB-4D5F-8EB5-C76C7839493A} = {2E5842F3-4797-4BB5-9A55-F3A005B434F8}
	EndGlobalSection
	GlobalSection(ExtensibilityGlobals) = postSolution
		SolutionGuid = {B0CD133C-B843-4178-8976-B04AE6B2021A}
	EndGlobalSection
EndGlobal
