
Microsoft Visual Studio Solution File, Format Version 12.00
# Visual Studio 14
VisualStudioVersion = 14.0.25420.1
MinimumVisualStudioVersion = 10.0.40219.1
Project("{FAE04EC0-301F-11D3-BF4B-00C04F79EFBC}") = "Wyam", "Wyam\Wyam.csproj", "{9CADDE07-290F-4958-B0D4-2E613B8F127F}"
EndProject
Project("{FAE04EC0-301F-11D3-BF4B-00C04F79EFBC}") = "Wyam.Core", "Wyam.Core\Wyam.Core.csproj", "{BC8C5DE2-6692-4E39-A0BB-689C316AEFF1}"
EndProject
Project("{FAE04EC0-301F-11D3-BF4B-00C04F79EFBC}") = "Wyam.Core.Tests", "Wyam.Core.Tests\Wyam.Core.Tests.csproj", "{862B500E-D6C3-4026-868C-4097C3AD1D5C}"
EndProject
Project("{FAE04EC0-301F-11D3-BF4B-00C04F79EFBC}") = "Wyam.Markdown", "Wyam.Markdown\Wyam.Markdown.csproj", "{AF8F5C85-2C54-4CFE-A509-C30515B7B943}"
EndProject
Project("{FAE04EC0-301F-11D3-BF4B-00C04F79EFBC}") = "Wyam.Common", "Wyam.Common\Wyam.Common.csproj", "{F40B73E9-C0CC-465C-925E-B51E686C1D5C}"
EndProject
Project("{FAE04EC0-301F-11D3-BF4B-00C04F79EFBC}") = "Wyam.Yaml", "Wyam.Yaml\Wyam.Yaml.csproj", "{AB59F7BD-0FC3-43AD-A3AE-2E3C7551E947}"
EndProject
Project("{FAE04EC0-301F-11D3-BF4B-00C04F79EFBC}") = "Wyam.Yaml.Tests", "Wyam.Yaml.Tests\Wyam.Yaml.Tests.csproj", "{E5F18C7B-08A6-4F2C-9999-34F54BA2212A}"
EndProject
Project("{FAE04EC0-301F-11D3-BF4B-00C04F79EFBC}") = "Wyam.Razor", "Wyam.Razor\Wyam.Razor.csproj", "{D044419D-363A-47CC-A4ED-466A6128D7A2}"
EndProject
Project("{FAE04EC0-301F-11D3-BF4B-00C04F79EFBC}") = "Wyam.Razor.Tests", "Wyam.Razor.Tests\Wyam.Razor.Tests.csproj", "{97C9B323-A7C4-415A-994A-FB4350ED26D0}"
EndProject
Project("{FAE04EC0-301F-11D3-BF4B-00C04F79EFBC}") = "Wyam.Examples.Tests", "Wyam.Examples.Tests\Wyam.Examples.Tests.csproj", "{6BDD24AD-D0CE-4B76-BC20-128299237505}"
EndProject
Project("{FAE04EC0-301F-11D3-BF4B-00C04F79EFBC}") = "Wyam.Less", "Wyam.Less\Wyam.Less.csproj", "{FBB9FB85-A0FC-4201-BC29-30FF16C93E76}"
EndProject
Project("{FAE04EC0-301F-11D3-BF4B-00C04F79EFBC}") = "Wyam.Images", "Wyam.Images\Wyam.Images.csproj", "{D6AD32C7-3B15-4F1C-8A2D-403D97F0CD41}"
EndProject
Project("{FAE04EC0-301F-11D3-BF4B-00C04F79EFBC}") = "Wyam.Html", "Wyam.Html\Wyam.Html.csproj", "{68085EE3-BB21-4E52-9A86-DD1820A0D010}"
EndProject
Project("{FAE04EC0-301F-11D3-BF4B-00C04F79EFBC}") = "Wyam.Html.Tests", "Wyam.Html.Tests\Wyam.Html.Tests.csproj", "{822FDD27-DAA4-4816-A0EA-DC079430445C}"
	ProjectSection(ProjectDependencies) = postProject
		{F40B73E9-C0CC-465C-925E-B51E686C1D5C} = {F40B73E9-C0CC-465C-925E-B51E686C1D5C}
	EndProjectSection
EndProject
Project("{FAE04EC0-301F-11D3-BF4B-00C04F79EFBC}") = "Wyam.Common.Tests", "Wyam.Common.Tests\Wyam.Common.Tests.csproj", "{3E93B31C-5670-413A-947A-77A46456CD13}"
EndProject
Project("{FAE04EC0-301F-11D3-BF4B-00C04F79EFBC}") = "Wyam.TextGeneration", "Wyam.TextGeneration\Wyam.TextGeneration.csproj", "{0D7F4902-C048-46AA-BDD1-B87B657003FF}"
EndProject
Project("{FAE04EC0-301F-11D3-BF4B-00C04F79EFBC}") = "Wyam.TextGeneration.Tests", "Wyam.TextGeneration.Tests\Wyam.TextGeneration.Tests.csproj", "{704624AF-5081-4EC7-BD47-AB93292D7B4E}"
EndProject
Project("{FAE04EC0-301F-11D3-BF4B-00C04F79EFBC}") = "Wyam.CodeAnalysis", "Wyam.CodeAnalysis\Wyam.CodeAnalysis.csproj", "{F4C0C025-5E08-4ED2-A089-67C41702AE7B}"
EndProject
Project("{FAE04EC0-301F-11D3-BF4B-00C04F79EFBC}") = "Wyam.CodeAnalysis.Tests", "Wyam.CodeAnalysis.Tests\Wyam.CodeAnalysis.Tests.csproj", "{9BF3B222-0B52-46E8-B3E2-5A5EB62EFFF4}"
EndProject
Project("{FAE04EC0-301F-11D3-BF4B-00C04F79EFBC}") = "Wyam.Git", "Wyam.Git\Wyam.Git.csproj", "{D339951E-DFAC-4766-825B-36E69479044B}"
EndProject
Project("{FAE04EC0-301F-11D3-BF4B-00C04F79EFBC}") = "Wyam.Xmp", "Wyam.Xmp\Wyam.Xmp.csproj", "{F17862D9-8B53-44C0-9102-B1B84BE72E76}"
EndProject
Project("{FAE04EC0-301F-11D3-BF4B-00C04F79EFBC}") = "Wyam.Xmp.Tests", "Wyam.Xmp.Tests\Wyam.Xmp.Tests.csproj", "{2BA7C7E0-FCA7-4A46-98E6-C43B52D07CE9}"
EndProject
Project("{FAE04EC0-301F-11D3-BF4B-00C04F79EFBC}") = "Wyam.SearchIndex", "Wyam.SearchIndex\Wyam.SearchIndex.csproj", "{957FE3A0-7CE0-48A1-9767-D122B9F43907}"
EndProject
Project("{FAE04EC0-301F-11D3-BF4B-00C04F79EFBC}") = "Wyam.Tables", "Wyam.Tables\Wyam.Tables.csproj", "{18E8DFBE-436C-4477-A5A2-61551CE268A2}"
EndProject
Project("{FAE04EC0-301F-11D3-BF4B-00C04F79EFBC}") = "Wyam.Tables.Tests", "Wyam.Tables.Tests\Wyam.Tables.Tests.csproj", "{5BB70078-E81A-48F8-A4A0-69F312BADCC5}"
EndProject
Project("{FAE04EC0-301F-11D3-BF4B-00C04F79EFBC}") = "Wyam.Git.Tests", "Wyam.Git.Tests\Wyam.Git.Tests.csproj", "{441ACC49-1642-414F-B551-BE7370004EDC}"
EndProject
Project("{FAE04EC0-301F-11D3-BF4B-00C04F79EFBC}") = "Wyam.Markdown.Tests", "Wyam.Markdown.Tests\Wyam.Markdown.Tests.csproj", "{2392BE38-2D56-4F72-8659-A3435FB1EC86}"
EndProject
Project("{FAE04EC0-301F-11D3-BF4B-00C04F79EFBC}") = "Wyam.GitHub", "Wyam.GitHub\Wyam.GitHub.csproj", "{F835BE84-9121-4E31-B2DA-0C7E5391DAC3}"
EndProject
Project("{FAE04EC0-301F-11D3-BF4B-00C04F79EFBC}") = "Wyam.Json", "Wyam.Json\Wyam.Json.csproj", "{F55FB154-8722-450C-B641-6DE331ED94A0}"
EndProject
Project("{FAE04EC0-301F-11D3-BF4B-00C04F79EFBC}") = "Wyam.Json.Tests", "Wyam.Json.Tests\Wyam.Json.Tests.csproj", "{25A5AC38-6AE9-49F4-B87B-08EAFD11AB5C}"
EndProject
Project("{FAE04EC0-301F-11D3-BF4B-00C04F79EFBC}") = "Wyam.Testing", "Wyam.Testing\Wyam.Testing.csproj", "{7726D040-4192-49C7-B9EA-E192397127C3}"
EndProject
Project("{2150E333-8FDC-42A3-9474-1A3956D46DE8}") = "Extensions", "Extensions", "{50B6158B-0946-4467-8D2D-6CFAA826A65E}"
EndProject
Project("{FAE04EC0-301F-11D3-BF4B-00C04F79EFBC}") = "Wyam.AmazonWebServices", "Wyam.AmazonWebServices\Wyam.AmazonWebServices.csproj", "{327A23F7-AE78-48B3-97B0-7180492CF08C}"
EndProject
Project("{2150E333-8FDC-42A3-9474-1A3956D46DE8}") = "Tests", "Tests", "{596452BD-AE34-4989-A36F-88FF72B2DFD8}"
EndProject
Project("{FAE04EC0-301F-11D3-BF4B-00C04F79EFBC}") = "Wyam.Minification", "Wyam.Minification\Wyam.Minification.csproj", "{AD223A29-5736-4914-9D24-66D8329E663E}"
EndProject
Project("{FAE04EC0-301F-11D3-BF4B-00C04F79EFBC}") = "Wyam.Minification.Tests", "Wyam.Minification.Tests\Wyam.Minification.Tests.csproj", "{6AD5C161-7FF7-4875-B71A-9F95EA3342AE}"
EndProject
Project("{FAE04EC0-301F-11D3-BF4B-00C04F79EFBC}") = "Wyam.Tests", "Wyam.Tests\Wyam.Tests.csproj", "{49D807FA-5199-4707-A7DD-B41FBBEFD8FE}"
EndProject
Project("{FAE04EC0-301F-11D3-BF4B-00C04F79EFBC}") = "Cake.Wyam", "Cake.Wyam\Cake.Wyam.csproj", "{690065CB-CECD-4DF6-A547-38C96B1A7F55}"
EndProject
Project("{FAE04EC0-301F-11D3-BF4B-00C04F79EFBC}") = "Cake.Wyam.Tests", "Cake.Wyam.Tests\Cake.Wyam.Tests.csproj", "{CE803777-2293-4909-A9A5-7D6248C4A6A7}"
EndProject
Project("{FAE04EC0-301F-11D3-BF4B-00C04F79EFBC}") = "Wyam.Configuration", "Wyam.Configuration\Wyam.Configuration.csproj", "{43CCBEF4-C940-457E-B6D7-4D2675532926}"
EndProject
Project("{FAE04EC0-301F-11D3-BF4B-00C04F79EFBC}") = "Wyam.Configuration.Tests", "Wyam.Configuration.Tests\Wyam.Configuration.Tests.csproj", "{491238B1-B760-4CBB-A971-01EC1E29C8D6}"
EndProject
Project("{2150E333-8FDC-42A3-9474-1A3956D46DE8}") = "Clients", "Clients", "{38FB70EA-DEDA-406E-AB38-92569B7A2C1E}"
EndProject
Project("{2150E333-8FDC-42A3-9474-1A3956D46DE8}") = "Tests", "Tests", "{15E99F89-AF86-4DF5-8313-D7AFAE98AEF2}"
EndProject
Project("{2150E333-8FDC-42A3-9474-1A3956D46DE8}") = "Tests", "Tests", "{3E401FE6-A639-4C6F-B8FC-3110F09A5E89}"
EndProject
Project("{FAE04EC0-301F-11D3-BF4B-00C04F79EFBC}") = "Wyam.Blog", "Wyam.Blog\Wyam.Blog.csproj", "{0CE39B26-B141-4645-A941-8B14779CA348}"
EndProject
Project("{FAE04EC0-301F-11D3-BF4B-00C04F79EFBC}") = "Wyam.Feeds", "Wyam.Feeds\Wyam.Feeds.csproj", "{BD7F456D-2576-43CC-B554-C03EB02BE8B7}"
EndProject
Project("{FAE04EC0-301F-11D3-BF4B-00C04F79EFBC}") = "Wyam.Xslt2", "Wyam.Xslt2\Wyam.Xslt2.csproj", "{E3732509-F173-4D1B-A1C1-6F121C183C97}"
EndProject
Project("{FAE04EC0-301F-11D3-BF4B-00C04F79EFBC}") = "Wyam.Xslt2.Tests", "Wyam.Xslt2.Tests\Wyam.Xslt2.Tests.csproj", "{9A14DD8B-9345-4436-A91E-6FA61267FD9E}"
EndProject
Global
	GlobalSection(SolutionConfigurationPlatforms) = preSolution
		Debug|Any CPU = Debug|Any CPU
		Release|Any CPU = Release|Any CPU
	EndGlobalSection
	GlobalSection(ProjectConfigurationPlatforms) = postSolution
		{9CADDE07-290F-4958-B0D4-2E613B8F127F}.Debug|Any CPU.ActiveCfg = Debug|Any CPU
		{9CADDE07-290F-4958-B0D4-2E613B8F127F}.Debug|Any CPU.Build.0 = Debug|Any CPU
		{9CADDE07-290F-4958-B0D4-2E613B8F127F}.Release|Any CPU.ActiveCfg = Release|Any CPU
		{9CADDE07-290F-4958-B0D4-2E613B8F127F}.Release|Any CPU.Build.0 = Release|Any CPU
		{BC8C5DE2-6692-4E39-A0BB-689C316AEFF1}.Debug|Any CPU.ActiveCfg = Debug|Any CPU
		{BC8C5DE2-6692-4E39-A0BB-689C316AEFF1}.Debug|Any CPU.Build.0 = Debug|Any CPU
		{BC8C5DE2-6692-4E39-A0BB-689C316AEFF1}.Release|Any CPU.ActiveCfg = Release|Any CPU
		{BC8C5DE2-6692-4E39-A0BB-689C316AEFF1}.Release|Any CPU.Build.0 = Release|Any CPU
		{862B500E-D6C3-4026-868C-4097C3AD1D5C}.Debug|Any CPU.ActiveCfg = Debug|Any CPU
		{862B500E-D6C3-4026-868C-4097C3AD1D5C}.Debug|Any CPU.Build.0 = Debug|Any CPU
		{862B500E-D6C3-4026-868C-4097C3AD1D5C}.Release|Any CPU.ActiveCfg = Release|Any CPU
		{862B500E-D6C3-4026-868C-4097C3AD1D5C}.Release|Any CPU.Build.0 = Release|Any CPU
		{AF8F5C85-2C54-4CFE-A509-C30515B7B943}.Debug|Any CPU.ActiveCfg = Debug|Any CPU
		{AF8F5C85-2C54-4CFE-A509-C30515B7B943}.Debug|Any CPU.Build.0 = Debug|Any CPU
		{AF8F5C85-2C54-4CFE-A509-C30515B7B943}.Release|Any CPU.ActiveCfg = Release|Any CPU
		{AF8F5C85-2C54-4CFE-A509-C30515B7B943}.Release|Any CPU.Build.0 = Release|Any CPU
		{F40B73E9-C0CC-465C-925E-B51E686C1D5C}.Debug|Any CPU.ActiveCfg = Debug|Any CPU
		{F40B73E9-C0CC-465C-925E-B51E686C1D5C}.Debug|Any CPU.Build.0 = Debug|Any CPU
		{F40B73E9-C0CC-465C-925E-B51E686C1D5C}.Release|Any CPU.ActiveCfg = Release|Any CPU
		{F40B73E9-C0CC-465C-925E-B51E686C1D5C}.Release|Any CPU.Build.0 = Release|Any CPU
		{AB59F7BD-0FC3-43AD-A3AE-2E3C7551E947}.Debug|Any CPU.ActiveCfg = Debug|Any CPU
		{AB59F7BD-0FC3-43AD-A3AE-2E3C7551E947}.Debug|Any CPU.Build.0 = Debug|Any CPU
		{AB59F7BD-0FC3-43AD-A3AE-2E3C7551E947}.Release|Any CPU.ActiveCfg = Release|Any CPU
		{AB59F7BD-0FC3-43AD-A3AE-2E3C7551E947}.Release|Any CPU.Build.0 = Release|Any CPU
		{E5F18C7B-08A6-4F2C-9999-34F54BA2212A}.Debug|Any CPU.ActiveCfg = Debug|Any CPU
		{E5F18C7B-08A6-4F2C-9999-34F54BA2212A}.Debug|Any CPU.Build.0 = Debug|Any CPU
		{E5F18C7B-08A6-4F2C-9999-34F54BA2212A}.Release|Any CPU.ActiveCfg = Release|Any CPU
		{E5F18C7B-08A6-4F2C-9999-34F54BA2212A}.Release|Any CPU.Build.0 = Release|Any CPU
		{D044419D-363A-47CC-A4ED-466A6128D7A2}.Debug|Any CPU.ActiveCfg = Debug|Any CPU
		{D044419D-363A-47CC-A4ED-466A6128D7A2}.Debug|Any CPU.Build.0 = Debug|Any CPU
		{D044419D-363A-47CC-A4ED-466A6128D7A2}.Release|Any CPU.ActiveCfg = Release|Any CPU
		{D044419D-363A-47CC-A4ED-466A6128D7A2}.Release|Any CPU.Build.0 = Release|Any CPU
		{97C9B323-A7C4-415A-994A-FB4350ED26D0}.Debug|Any CPU.ActiveCfg = Debug|Any CPU
		{97C9B323-A7C4-415A-994A-FB4350ED26D0}.Debug|Any CPU.Build.0 = Debug|Any CPU
		{97C9B323-A7C4-415A-994A-FB4350ED26D0}.Release|Any CPU.ActiveCfg = Release|Any CPU
		{97C9B323-A7C4-415A-994A-FB4350ED26D0}.Release|Any CPU.Build.0 = Release|Any CPU
		{6BDD24AD-D0CE-4B76-BC20-128299237505}.Debug|Any CPU.ActiveCfg = Debug|Any CPU
		{6BDD24AD-D0CE-4B76-BC20-128299237505}.Debug|Any CPU.Build.0 = Debug|Any CPU
		{6BDD24AD-D0CE-4B76-BC20-128299237505}.Release|Any CPU.ActiveCfg = Release|Any CPU
		{6BDD24AD-D0CE-4B76-BC20-128299237505}.Release|Any CPU.Build.0 = Release|Any CPU
		{FBB9FB85-A0FC-4201-BC29-30FF16C93E76}.Debug|Any CPU.ActiveCfg = Debug|Any CPU
		{FBB9FB85-A0FC-4201-BC29-30FF16C93E76}.Debug|Any CPU.Build.0 = Debug|Any CPU
		{FBB9FB85-A0FC-4201-BC29-30FF16C93E76}.Release|Any CPU.ActiveCfg = Release|Any CPU
		{FBB9FB85-A0FC-4201-BC29-30FF16C93E76}.Release|Any CPU.Build.0 = Release|Any CPU
		{D6AD32C7-3B15-4F1C-8A2D-403D97F0CD41}.Debug|Any CPU.ActiveCfg = Debug|Any CPU
		{D6AD32C7-3B15-4F1C-8A2D-403D97F0CD41}.Debug|Any CPU.Build.0 = Debug|Any CPU
		{D6AD32C7-3B15-4F1C-8A2D-403D97F0CD41}.Release|Any CPU.ActiveCfg = Release|Any CPU
		{D6AD32C7-3B15-4F1C-8A2D-403D97F0CD41}.Release|Any CPU.Build.0 = Release|Any CPU
		{68085EE3-BB21-4E52-9A86-DD1820A0D010}.Debug|Any CPU.ActiveCfg = Debug|Any CPU
		{68085EE3-BB21-4E52-9A86-DD1820A0D010}.Debug|Any CPU.Build.0 = Debug|Any CPU
		{68085EE3-BB21-4E52-9A86-DD1820A0D010}.Release|Any CPU.ActiveCfg = Release|Any CPU
		{68085EE3-BB21-4E52-9A86-DD1820A0D010}.Release|Any CPU.Build.0 = Release|Any CPU
		{822FDD27-DAA4-4816-A0EA-DC079430445C}.Debug|Any CPU.ActiveCfg = Debug|Any CPU
		{822FDD27-DAA4-4816-A0EA-DC079430445C}.Debug|Any CPU.Build.0 = Debug|Any CPU
		{822FDD27-DAA4-4816-A0EA-DC079430445C}.Release|Any CPU.ActiveCfg = Release|Any CPU
		{822FDD27-DAA4-4816-A0EA-DC079430445C}.Release|Any CPU.Build.0 = Release|Any CPU
		{3E93B31C-5670-413A-947A-77A46456CD13}.Debug|Any CPU.ActiveCfg = Debug|Any CPU
		{3E93B31C-5670-413A-947A-77A46456CD13}.Debug|Any CPU.Build.0 = Debug|Any CPU
		{3E93B31C-5670-413A-947A-77A46456CD13}.Release|Any CPU.ActiveCfg = Release|Any CPU
		{3E93B31C-5670-413A-947A-77A46456CD13}.Release|Any CPU.Build.0 = Release|Any CPU
		{0D7F4902-C048-46AA-BDD1-B87B657003FF}.Debug|Any CPU.ActiveCfg = Debug|Any CPU
		{0D7F4902-C048-46AA-BDD1-B87B657003FF}.Debug|Any CPU.Build.0 = Debug|Any CPU
		{0D7F4902-C048-46AA-BDD1-B87B657003FF}.Release|Any CPU.ActiveCfg = Release|Any CPU
		{0D7F4902-C048-46AA-BDD1-B87B657003FF}.Release|Any CPU.Build.0 = Release|Any CPU
		{704624AF-5081-4EC7-BD47-AB93292D7B4E}.Debug|Any CPU.ActiveCfg = Debug|Any CPU
		{704624AF-5081-4EC7-BD47-AB93292D7B4E}.Debug|Any CPU.Build.0 = Debug|Any CPU
		{704624AF-5081-4EC7-BD47-AB93292D7B4E}.Release|Any CPU.ActiveCfg = Release|Any CPU
		{704624AF-5081-4EC7-BD47-AB93292D7B4E}.Release|Any CPU.Build.0 = Release|Any CPU
		{F4C0C025-5E08-4ED2-A089-67C41702AE7B}.Debug|Any CPU.ActiveCfg = Debug|Any CPU
		{F4C0C025-5E08-4ED2-A089-67C41702AE7B}.Debug|Any CPU.Build.0 = Debug|Any CPU
		{F4C0C025-5E08-4ED2-A089-67C41702AE7B}.Release|Any CPU.ActiveCfg = Release|Any CPU
		{F4C0C025-5E08-4ED2-A089-67C41702AE7B}.Release|Any CPU.Build.0 = Release|Any CPU
		{9BF3B222-0B52-46E8-B3E2-5A5EB62EFFF4}.Debug|Any CPU.ActiveCfg = Debug|Any CPU
		{9BF3B222-0B52-46E8-B3E2-5A5EB62EFFF4}.Debug|Any CPU.Build.0 = Debug|Any CPU
		{9BF3B222-0B52-46E8-B3E2-5A5EB62EFFF4}.Release|Any CPU.ActiveCfg = Release|Any CPU
		{9BF3B222-0B52-46E8-B3E2-5A5EB62EFFF4}.Release|Any CPU.Build.0 = Release|Any CPU
		{D339951E-DFAC-4766-825B-36E69479044B}.Debug|Any CPU.ActiveCfg = Debug|Any CPU
		{D339951E-DFAC-4766-825B-36E69479044B}.Debug|Any CPU.Build.0 = Debug|Any CPU
		{D339951E-DFAC-4766-825B-36E69479044B}.Release|Any CPU.ActiveCfg = Release|Any CPU
		{D339951E-DFAC-4766-825B-36E69479044B}.Release|Any CPU.Build.0 = Release|Any CPU
		{F17862D9-8B53-44C0-9102-B1B84BE72E76}.Debug|Any CPU.ActiveCfg = Debug|Any CPU
		{F17862D9-8B53-44C0-9102-B1B84BE72E76}.Debug|Any CPU.Build.0 = Debug|Any CPU
		{F17862D9-8B53-44C0-9102-B1B84BE72E76}.Release|Any CPU.ActiveCfg = Release|Any CPU
		{F17862D9-8B53-44C0-9102-B1B84BE72E76}.Release|Any CPU.Build.0 = Release|Any CPU
		{2BA7C7E0-FCA7-4A46-98E6-C43B52D07CE9}.Debug|Any CPU.ActiveCfg = Debug|Any CPU
		{2BA7C7E0-FCA7-4A46-98E6-C43B52D07CE9}.Debug|Any CPU.Build.0 = Debug|Any CPU
		{2BA7C7E0-FCA7-4A46-98E6-C43B52D07CE9}.Release|Any CPU.ActiveCfg = Release|Any CPU
		{2BA7C7E0-FCA7-4A46-98E6-C43B52D07CE9}.Release|Any CPU.Build.0 = Release|Any CPU
		{957FE3A0-7CE0-48A1-9767-D122B9F43907}.Debug|Any CPU.ActiveCfg = Debug|Any CPU
		{957FE3A0-7CE0-48A1-9767-D122B9F43907}.Debug|Any CPU.Build.0 = Debug|Any CPU
		{957FE3A0-7CE0-48A1-9767-D122B9F43907}.Release|Any CPU.ActiveCfg = Release|Any CPU
		{957FE3A0-7CE0-48A1-9767-D122B9F43907}.Release|Any CPU.Build.0 = Release|Any CPU
		{18E8DFBE-436C-4477-A5A2-61551CE268A2}.Debug|Any CPU.ActiveCfg = Debug|Any CPU
		{18E8DFBE-436C-4477-A5A2-61551CE268A2}.Debug|Any CPU.Build.0 = Debug|Any CPU
		{18E8DFBE-436C-4477-A5A2-61551CE268A2}.Release|Any CPU.ActiveCfg = Release|Any CPU
		{18E8DFBE-436C-4477-A5A2-61551CE268A2}.Release|Any CPU.Build.0 = Release|Any CPU
		{5BB70078-E81A-48F8-A4A0-69F312BADCC5}.Debug|Any CPU.ActiveCfg = Debug|Any CPU
		{5BB70078-E81A-48F8-A4A0-69F312BADCC5}.Debug|Any CPU.Build.0 = Debug|Any CPU
		{5BB70078-E81A-48F8-A4A0-69F312BADCC5}.Release|Any CPU.ActiveCfg = Release|Any CPU
		{5BB70078-E81A-48F8-A4A0-69F312BADCC5}.Release|Any CPU.Build.0 = Release|Any CPU
		{441ACC49-1642-414F-B551-BE7370004EDC}.Debug|Any CPU.ActiveCfg = Debug|Any CPU
		{441ACC49-1642-414F-B551-BE7370004EDC}.Debug|Any CPU.Build.0 = Debug|Any CPU
		{441ACC49-1642-414F-B551-BE7370004EDC}.Release|Any CPU.ActiveCfg = Release|Any CPU
		{441ACC49-1642-414F-B551-BE7370004EDC}.Release|Any CPU.Build.0 = Release|Any CPU
		{2392BE38-2D56-4F72-8659-A3435FB1EC86}.Debug|Any CPU.ActiveCfg = Debug|Any CPU
		{2392BE38-2D56-4F72-8659-A3435FB1EC86}.Debug|Any CPU.Build.0 = Debug|Any CPU
		{2392BE38-2D56-4F72-8659-A3435FB1EC86}.Release|Any CPU.ActiveCfg = Release|Any CPU
		{2392BE38-2D56-4F72-8659-A3435FB1EC86}.Release|Any CPU.Build.0 = Release|Any CPU
		{F835BE84-9121-4E31-B2DA-0C7E5391DAC3}.Debug|Any CPU.ActiveCfg = Debug|Any CPU
		{F835BE84-9121-4E31-B2DA-0C7E5391DAC3}.Debug|Any CPU.Build.0 = Debug|Any CPU
		{F835BE84-9121-4E31-B2DA-0C7E5391DAC3}.Release|Any CPU.ActiveCfg = Release|Any CPU
		{F835BE84-9121-4E31-B2DA-0C7E5391DAC3}.Release|Any CPU.Build.0 = Release|Any CPU
		{F55FB154-8722-450C-B641-6DE331ED94A0}.Debug|Any CPU.ActiveCfg = Debug|Any CPU
		{F55FB154-8722-450C-B641-6DE331ED94A0}.Debug|Any CPU.Build.0 = Debug|Any CPU
		{F55FB154-8722-450C-B641-6DE331ED94A0}.Release|Any CPU.ActiveCfg = Release|Any CPU
		{F55FB154-8722-450C-B641-6DE331ED94A0}.Release|Any CPU.Build.0 = Release|Any CPU
		{25A5AC38-6AE9-49F4-B87B-08EAFD11AB5C}.Debug|Any CPU.ActiveCfg = Debug|Any CPU
		{25A5AC38-6AE9-49F4-B87B-08EAFD11AB5C}.Debug|Any CPU.Build.0 = Debug|Any CPU
		{25A5AC38-6AE9-49F4-B87B-08EAFD11AB5C}.Release|Any CPU.ActiveCfg = Release|Any CPU
		{25A5AC38-6AE9-49F4-B87B-08EAFD11AB5C}.Release|Any CPU.Build.0 = Release|Any CPU
		{7726D040-4192-49C7-B9EA-E192397127C3}.Debug|Any CPU.ActiveCfg = Debug|Any CPU
		{7726D040-4192-49C7-B9EA-E192397127C3}.Debug|Any CPU.Build.0 = Debug|Any CPU
		{7726D040-4192-49C7-B9EA-E192397127C3}.Release|Any CPU.ActiveCfg = Release|Any CPU
		{7726D040-4192-49C7-B9EA-E192397127C3}.Release|Any CPU.Build.0 = Release|Any CPU
		{327A23F7-AE78-48B3-97B0-7180492CF08C}.Debug|Any CPU.ActiveCfg = Debug|Any CPU
		{327A23F7-AE78-48B3-97B0-7180492CF08C}.Debug|Any CPU.Build.0 = Debug|Any CPU
		{327A23F7-AE78-48B3-97B0-7180492CF08C}.Release|Any CPU.ActiveCfg = Release|Any CPU
		{327A23F7-AE78-48B3-97B0-7180492CF08C}.Release|Any CPU.Build.0 = Release|Any CPU
		{AD223A29-5736-4914-9D24-66D8329E663E}.Debug|Any CPU.ActiveCfg = Debug|Any CPU
		{AD223A29-5736-4914-9D24-66D8329E663E}.Debug|Any CPU.Build.0 = Debug|Any CPU
		{AD223A29-5736-4914-9D24-66D8329E663E}.Release|Any CPU.ActiveCfg = Release|Any CPU
		{AD223A29-5736-4914-9D24-66D8329E663E}.Release|Any CPU.Build.0 = Release|Any CPU
		{6AD5C161-7FF7-4875-B71A-9F95EA3342AE}.Debug|Any CPU.ActiveCfg = Debug|Any CPU
		{6AD5C161-7FF7-4875-B71A-9F95EA3342AE}.Debug|Any CPU.Build.0 = Debug|Any CPU
		{6AD5C161-7FF7-4875-B71A-9F95EA3342AE}.Release|Any CPU.ActiveCfg = Release|Any CPU
		{6AD5C161-7FF7-4875-B71A-9F95EA3342AE}.Release|Any CPU.Build.0 = Release|Any CPU
		{49D807FA-5199-4707-A7DD-B41FBBEFD8FE}.Debug|Any CPU.ActiveCfg = Debug|Any CPU
		{49D807FA-5199-4707-A7DD-B41FBBEFD8FE}.Debug|Any CPU.Build.0 = Debug|Any CPU
		{49D807FA-5199-4707-A7DD-B41FBBEFD8FE}.Release|Any CPU.ActiveCfg = Release|Any CPU
		{49D807FA-5199-4707-A7DD-B41FBBEFD8FE}.Release|Any CPU.Build.0 = Release|Any CPU
		{690065CB-CECD-4DF6-A547-38C96B1A7F55}.Debug|Any CPU.ActiveCfg = Debug|Any CPU
		{690065CB-CECD-4DF6-A547-38C96B1A7F55}.Debug|Any CPU.Build.0 = Debug|Any CPU
		{690065CB-CECD-4DF6-A547-38C96B1A7F55}.Release|Any CPU.ActiveCfg = Release|Any CPU
		{690065CB-CECD-4DF6-A547-38C96B1A7F55}.Release|Any CPU.Build.0 = Release|Any CPU
		{CE803777-2293-4909-A9A5-7D6248C4A6A7}.Debug|Any CPU.ActiveCfg = Debug|Any CPU
		{CE803777-2293-4909-A9A5-7D6248C4A6A7}.Debug|Any CPU.Build.0 = Debug|Any CPU
		{CE803777-2293-4909-A9A5-7D6248C4A6A7}.Release|Any CPU.ActiveCfg = Release|Any CPU
		{CE803777-2293-4909-A9A5-7D6248C4A6A7}.Release|Any CPU.Build.0 = Release|Any CPU
		{43CCBEF4-C940-457E-B6D7-4D2675532926}.Debug|Any CPU.ActiveCfg = Debug|Any CPU
		{43CCBEF4-C940-457E-B6D7-4D2675532926}.Debug|Any CPU.Build.0 = Debug|Any CPU
		{43CCBEF4-C940-457E-B6D7-4D2675532926}.Release|Any CPU.ActiveCfg = Release|Any CPU
		{43CCBEF4-C940-457E-B6D7-4D2675532926}.Release|Any CPU.Build.0 = Release|Any CPU
		{491238B1-B760-4CBB-A971-01EC1E29C8D6}.Debug|Any CPU.ActiveCfg = Debug|Any CPU
		{491238B1-B760-4CBB-A971-01EC1E29C8D6}.Debug|Any CPU.Build.0 = Debug|Any CPU
		{491238B1-B760-4CBB-A971-01EC1E29C8D6}.Release|Any CPU.ActiveCfg = Release|Any CPU
		{491238B1-B760-4CBB-A971-01EC1E29C8D6}.Release|Any CPU.Build.0 = Release|Any CPU
		{0CE39B26-B141-4645-A941-8B14779CA348}.Debug|Any CPU.ActiveCfg = Debug|Any CPU
		{0CE39B26-B141-4645-A941-8B14779CA348}.Debug|Any CPU.Build.0 = Debug|Any CPU
		{0CE39B26-B141-4645-A941-8B14779CA348}.Release|Any CPU.ActiveCfg = Release|Any CPU
		{0CE39B26-B141-4645-A941-8B14779CA348}.Release|Any CPU.Build.0 = Release|Any CPU
		{BD7F456D-2576-43CC-B554-C03EB02BE8B7}.Debug|Any CPU.ActiveCfg = Debug|Any CPU
		{BD7F456D-2576-43CC-B554-C03EB02BE8B7}.Debug|Any CPU.Build.0 = Debug|Any CPU
		{BD7F456D-2576-43CC-B554-C03EB02BE8B7}.Release|Any CPU.ActiveCfg = Release|Any CPU
		{BD7F456D-2576-43CC-B554-C03EB02BE8B7}.Release|Any CPU.Build.0 = Release|Any CPU
		{E3732509-F173-4D1B-A1C1-6F121C183C97}.Debug|Any CPU.ActiveCfg = Debug|Any CPU
		{E3732509-F173-4D1B-A1C1-6F121C183C97}.Debug|Any CPU.Build.0 = Debug|Any CPU
		{E3732509-F173-4D1B-A1C1-6F121C183C97}.Release|Any CPU.ActiveCfg = Release|Any CPU
		{E3732509-F173-4D1B-A1C1-6F121C183C97}.Release|Any CPU.Build.0 = Release|Any CPU
		{9A14DD8B-9345-4436-A91E-6FA61267FD9E}.Debug|Any CPU.ActiveCfg = Debug|Any CPU
		{9A14DD8B-9345-4436-A91E-6FA61267FD9E}.Debug|Any CPU.Build.0 = Debug|Any CPU
		{9A14DD8B-9345-4436-A91E-6FA61267FD9E}.Release|Any CPU.ActiveCfg = Release|Any CPU
		{9A14DD8B-9345-4436-A91E-6FA61267FD9E}.Release|Any CPU.Build.0 = Release|Any CPU
	EndGlobalSection
	GlobalSection(SolutionProperties) = preSolution
		HideSolutionNode = FALSE
	EndGlobalSection
	GlobalSection(NestedProjects) = preSolution
		{9CADDE07-290F-4958-B0D4-2E613B8F127F} = {38FB70EA-DEDA-406E-AB38-92569B7A2C1E}
		{862B500E-D6C3-4026-868C-4097C3AD1D5C} = {596452BD-AE34-4989-A36F-88FF72B2DFD8}
		{AF8F5C85-2C54-4CFE-A509-C30515B7B943} = {50B6158B-0946-4467-8D2D-6CFAA826A65E}
		{AB59F7BD-0FC3-43AD-A3AE-2E3C7551E947} = {50B6158B-0946-4467-8D2D-6CFAA826A65E}
		{E5F18C7B-08A6-4F2C-9999-34F54BA2212A} = {15E99F89-AF86-4DF5-8313-D7AFAE98AEF2}
		{D044419D-363A-47CC-A4ED-466A6128D7A2} = {50B6158B-0946-4467-8D2D-6CFAA826A65E}
		{97C9B323-A7C4-415A-994A-FB4350ED26D0} = {15E99F89-AF86-4DF5-8313-D7AFAE98AEF2}
		{6BDD24AD-D0CE-4B76-BC20-128299237505} = {596452BD-AE34-4989-A36F-88FF72B2DFD8}
		{FBB9FB85-A0FC-4201-BC29-30FF16C93E76} = {50B6158B-0946-4467-8D2D-6CFAA826A65E}
		{D6AD32C7-3B15-4F1C-8A2D-403D97F0CD41} = {50B6158B-0946-4467-8D2D-6CFAA826A65E}
		{68085EE3-BB21-4E52-9A86-DD1820A0D010} = {50B6158B-0946-4467-8D2D-6CFAA826A65E}
		{822FDD27-DAA4-4816-A0EA-DC079430445C} = {15E99F89-AF86-4DF5-8313-D7AFAE98AEF2}
		{3E93B31C-5670-413A-947A-77A46456CD13} = {596452BD-AE34-4989-A36F-88FF72B2DFD8}
		{0D7F4902-C048-46AA-BDD1-B87B657003FF} = {50B6158B-0946-4467-8D2D-6CFAA826A65E}
		{704624AF-5081-4EC7-BD47-AB93292D7B4E} = {15E99F89-AF86-4DF5-8313-D7AFAE98AEF2}
		{F4C0C025-5E08-4ED2-A089-67C41702AE7B} = {50B6158B-0946-4467-8D2D-6CFAA826A65E}
		{9BF3B222-0B52-46E8-B3E2-5A5EB62EFFF4} = {15E99F89-AF86-4DF5-8313-D7AFAE98AEF2}
		{D339951E-DFAC-4766-825B-36E69479044B} = {50B6158B-0946-4467-8D2D-6CFAA826A65E}
		{F17862D9-8B53-44C0-9102-B1B84BE72E76} = {50B6158B-0946-4467-8D2D-6CFAA826A65E}
		{2BA7C7E0-FCA7-4A46-98E6-C43B52D07CE9} = {15E99F89-AF86-4DF5-8313-D7AFAE98AEF2}
		{957FE3A0-7CE0-48A1-9767-D122B9F43907} = {50B6158B-0946-4467-8D2D-6CFAA826A65E}
		{18E8DFBE-436C-4477-A5A2-61551CE268A2} = {50B6158B-0946-4467-8D2D-6CFAA826A65E}
		{5BB70078-E81A-48F8-A4A0-69F312BADCC5} = {15E99F89-AF86-4DF5-8313-D7AFAE98AEF2}
		{441ACC49-1642-414F-B551-BE7370004EDC} = {15E99F89-AF86-4DF5-8313-D7AFAE98AEF2}
		{2392BE38-2D56-4F72-8659-A3435FB1EC86} = {15E99F89-AF86-4DF5-8313-D7AFAE98AEF2}
		{F835BE84-9121-4E31-B2DA-0C7E5391DAC3} = {50B6158B-0946-4467-8D2D-6CFAA826A65E}
		{F55FB154-8722-450C-B641-6DE331ED94A0} = {50B6158B-0946-4467-8D2D-6CFAA826A65E}
		{25A5AC38-6AE9-49F4-B87B-08EAFD11AB5C} = {15E99F89-AF86-4DF5-8313-D7AFAE98AEF2}
		{327A23F7-AE78-48B3-97B0-7180492CF08C} = {50B6158B-0946-4467-8D2D-6CFAA826A65E}
		{AD223A29-5736-4914-9D24-66D8329E663E} = {50B6158B-0946-4467-8D2D-6CFAA826A65E}
		{6AD5C161-7FF7-4875-B71A-9F95EA3342AE} = {15E99F89-AF86-4DF5-8313-D7AFAE98AEF2}
		{49D807FA-5199-4707-A7DD-B41FBBEFD8FE} = {3E401FE6-A639-4C6F-B8FC-3110F09A5E89}
		{690065CB-CECD-4DF6-A547-38C96B1A7F55} = {38FB70EA-DEDA-406E-AB38-92569B7A2C1E}
		{CE803777-2293-4909-A9A5-7D6248C4A6A7} = {3E401FE6-A639-4C6F-B8FC-3110F09A5E89}
		{491238B1-B760-4CBB-A971-01EC1E29C8D6} = {596452BD-AE34-4989-A36F-88FF72B2DFD8}
		{15E99F89-AF86-4DF5-8313-D7AFAE98AEF2} = {50B6158B-0946-4467-8D2D-6CFAA826A65E}
		{3E401FE6-A639-4C6F-B8FC-3110F09A5E89} = {38FB70EA-DEDA-406E-AB38-92569B7A2C1E}
		{0CE39B26-B141-4645-A941-8B14779CA348} = {50B6158B-0946-4467-8D2D-6CFAA826A65E}
		{BD7F456D-2576-43CC-B554-C03EB02BE8B7} = {50B6158B-0946-4467-8D2D-6CFAA826A65E}
		{E3732509-F173-4D1B-A1C1-6F121C183C97} = {50B6158B-0946-4467-8D2D-6CFAA826A65E}
		{9A14DD8B-9345-4436-A91E-6FA61267FD9E} = {15E99F89-AF86-4DF5-8313-D7AFAE98AEF2}
	EndGlobalSection
EndGlobal
